// !$*UTF8*$!
{
	archiveVersion = 1;
	classes = {
	};
	objectVersion = 77;
	objects = {

/* Begin PBXBuildFile section */
		4501C5D17ED1E434663577E4 /* Assets.xcassets in Resources */ = {isa = PBXBuildFile; fileRef = 062B7643D2094A222A5227D8 /* Assets.xcassets */; };
		E3CC19DA6ECC8FA8AB1632F7 /* BPLoggerApp.swift in Sources */ = {isa = PBXBuildFile; fileRef = 827D48A9787CF5EA780A3F07 /* BPLoggerApp.swift */; };
		A65A29A3902C5541BD9847C7 /* ContentView.swift in Sources */ = {isa = PBXBuildFile; fileRef = 2645E4543997ABFFF2095ACE /* ContentView.swift */; };
		7814E1F8D6BF9B63607CB441 /* DashboardView.swift in Sources */ = {isa = PBXBuildFile; fileRef = C620839AC508290919835944 /* DashboardView.swift */; };
		A41155556FBC46E2D5DBCC3D /* ChartsContainerView.swift in Sources */ = {isa = PBXBuildFile; fileRef = 9D28FF2120272D7D0AAF06B5 /* ChartsContainerView.swift */; };
		675541EBB9668D149F04A9A9 /* PDFGenerator.swift in Sources */ = {isa = PBXBuildFile; fileRef = DD9745F66CBA1CA61ECA7752 /* PDFGenerator.swift */; };
		F1A1A1A1A1A1A1A1A1A1A1A1 /* UserProfile.swift in Sources */ = {isa = PBXBuildFile; fileRef = F2B2B2B2B2B2B2B2B2B2B2B2 /* UserProfile.swift */; };
		BB01BB01BB01BB01BB01BB01 /* HealthRecord.swift in Sources */ = {isa = PBXBuildFile; fileRef = BB02BB02BB02BB02BB02BB02 /* HealthRecord.swift */; };
		BB03BB03BB03BB03BB03BB03 /* MetricRegistry.swift in Sources */ = {isa = PBXBuildFile; fileRef = BB04BB04BB04BB04BB04BB04 /* MetricRegistry.swift */; };
		BB05BB05BB05BB05BB05BB05 /* DismissedHealthKitRecord.swift in Sources */ = {isa = PBXBuildFile; fileRef = BB06BB06BB06BB06BB06BB06 /* DismissedHealthKitRecord.swift */; };
		BB07BB07BB07BB07BB07BB07 /* SyncState.swift in Sources */ = {isa = PBXBuildFile; fileRef = BB08BB08BB08BB08BB08BB08 /* SyncState.swift */; };
		BB09BB09BB09BB09BB09BB09 /* MigrationManager.swift in Sources */ = {isa = PBXBuildFile; fileRef = BB10BB10BB10BB10BB10BB10 /* MigrationManager.swift */; };
		BB11BB11BB11BB11BB11BB11 /* HealthSyncManager.swift in Sources */ = {isa = PBXBuildFile; fileRef = BB12BB12BB12BB12BB12BB12 /* HealthSyncManager.swift */; };
		BB13BB13BB13BB13BB13BB13 /* AddHealthRecordView.swift in Sources */ = {isa = PBXBuildFile; fileRef = BB14BB14BB14BB14BB14BB14 /* AddHealthRecordView.swift */; };
		BB15BB15BB15BB15BB15BB15 /* EditHealthRecordView.swift in Sources */ = {isa = PBXBuildFile; fileRef = BB16BB16BB16BB16BB16BB16 /* EditHealthRecordView.swift */; };
		BB17BB17BB17BB17BB17BB17 /* DataBrowserView.swift in Sources */ = {isa = PBXBuildFile; fileRef = BB18BB18BB18BB18BB18BB18 /* DataBrowserView.swift */; };
		BB19BB19BB19BB19BB19BB19 /* RecordDetailView.swift in Sources */ = {isa = PBXBuildFile; fileRef = BB20BB20BB20BB20BB20BB20 /* RecordDetailView.swift */; };
		BB21BB21BB21BB21BB21BB21 /* MetricCardView.swift in Sources */ = {isa = PBXBuildFile; fileRef = BB22BB22BB22BB22BB22BB22 /* MetricCardView.swift */; };
		BB23BB23BB23BB23BB23BB23 /* ReportBuilderView.swift in Sources */ = {isa = PBXBuildFile; fileRef = BB24BB24BB24BB24BB24BB24 /* ReportBuilderView.swift */; };
		DD01DD01DD01DD01DD01DD01 /* AddRecordPickerSheet.swift in Sources */ = {isa = PBXBuildFile; fileRef = DD02DD02DD02DD02DD02DD02 /* AddRecordPickerSheet.swift */; };
		DD03DD03DD03DD03DD03DD03 /* MetricDetailView.swift in Sources */ = {isa = PBXBuildFile; fileRef = DD04DD04DD04DD04DD04DD04 /* MetricDetailView.swift */; };
		CC01CC01CC01CC01CC01CC01 /* HealthRecordTests.swift in Sources */ = {isa = PBXBuildFile; fileRef = CC02CC02CC02CC02CC02CC02 /* HealthRecordTests.swift */; };
		AA33AA33AA33AA33AA33AA33 /* UserProfileTests.swift in Sources */ = {isa = PBXBuildFile; fileRef = AA44AA44AA44AA44AA44AA44 /* UserProfileTests.swift */; };
		CC03CC03CC03CC03CC03CC03 /* MetricRegistryTests.swift in Sources */ = {isa = PBXBuildFile; fileRef = CC04CC04CC04CC04CC04CC04 /* MetricRegistryTests.swift */; };
		AA77AA77AA77AA77AA77AA77 /* PDFGeneratorTests.swift in Sources */ = {isa = PBXBuildFile; fileRef = AA88AA88AA88AA88AA88AA88 /* PDFGeneratorTests.swift */; };
/* End PBXBuildFile section */

/* Begin PBXFileReference section */
		00A3DB21E8532CC7EC569510 /* Info.plist */ = {isa = PBXFileReference; lastKnownFileType = text.plist; path = Info.plist; sourceTree = "<group>"; };
		062B7643D2094A222A5227D8 /* Assets.xcassets */ = {isa = PBXFileReference; lastKnownFileType = folder.assetcatalog; path = Assets.xcassets; sourceTree = "<group>"; };
		2645E4543997ABFFF2095ACE /* ContentView.swift */ = {isa = PBXFileReference; lastKnownFileType = sourcecode.swift; path = ContentView.swift; sourceTree = "<group>"; };
		827D48A9787CF5EA780A3F07 /* BPLoggerApp.swift */ = {isa = PBXFileReference; lastKnownFileType = sourcecode.swift; path = BPLoggerApp.swift; sourceTree = "<group>"; };
		9D28FF2120272D7D0AAF06B5 /* ChartsContainerView.swift */ = {isa = PBXFileReference; lastKnownFileType = sourcecode.swift; path = ChartsContainerView.swift; sourceTree = "<group>"; };
		DD9745F66CBA1CA61ECA7752 /* PDFGenerator.swift */ = {isa = PBXFileReference; lastKnownFileType = sourcecode.swift; path = PDFGenerator.swift; sourceTree = "<group>"; };
		C620839AC508290919835944 /* DashboardView.swift */ = {isa = PBXFileReference; lastKnownFileType = sourcecode.swift; path = DashboardView.swift; sourceTree = "<group>"; };
		E642BE933880BE3C181520B5 /* BPLogger.entitlements */ = {isa = PBXFileReference; lastKnownFileType = text.plist.entitlements; path = BPLogger.entitlements; sourceTree = "<group>"; };
		F2B2B2B2B2B2B2B2B2B2B2B2 /* UserProfile.swift */ = {isa = PBXFileReference; lastKnownFileType = sourcecode.swift; path = UserProfile.swift; sourceTree = "<group>"; };
		BB02BB02BB02BB02BB02BB02 /* HealthRecord.swift */ = {isa = PBXFileReference; lastKnownFileType = sourcecode.swift; path = HealthRecord.swift; sourceTree = "<group>"; };
		BB04BB04BB04BB04BB04BB04 /* MetricRegistry.swift */ = {isa = PBXFileReference; lastKnownFileType = sourcecode.swift; path = MetricRegistry.swift; sourceTree = "<group>"; };
		BB06BB06BB06BB06BB06BB06 /* DismissedHealthKitRecord.swift */ = {isa = PBXFileReference; lastKnownFileType = sourcecode.swift; path = DismissedHealthKitRecord.swift; sourceTree = "<group>"; };
		BB08BB08BB08BB08BB08BB08 /* SyncState.swift */ = {isa = PBXFileReference; lastKnownFileType = sourcecode.swift; path = SyncState.swift; sourceTree = "<group>"; };
		BB10BB10BB10BB10BB10BB10 /* MigrationManager.swift */ = {isa = PBXFileReference; lastKnownFileType = sourcecode.swift; path = MigrationManager.swift; sourceTree = "<group>"; };
		BB12BB12BB12BB12BB12BB12 /* HealthSyncManager.swift */ = {isa = PBXFileReference; lastKnownFileType = sourcecode.swift; path = HealthSyncManager.swift; sourceTree = "<group>"; };
		BB14BB14BB14BB14BB14BB14 /* AddHealthRecordView.swift */ = {isa = PBXFileReference; lastKnownFileType = sourcecode.swift; path = AddHealthRecordView.swift; sourceTree = "<group>"; };
		BB16BB16BB16BB16BB16BB16 /* EditHealthRecordView.swift */ = {isa = PBXFileReference; lastKnownFileType = sourcecode.swift; path = EditHealthRecordView.swift; sourceTree = "<group>"; };
		BB18BB18BB18BB18BB18BB18 /* DataBrowserView.swift */ = {isa = PBXFileReference; lastKnownFileType = sourcecode.swift; path = DataBrowserView.swift; sourceTree = "<group>"; };
		BB20BB20BB20BB20BB20BB20 /* RecordDetailView.swift */ = {isa = PBXFileReference; lastKnownFileType = sourcecode.swift; path = RecordDetailView.swift; sourceTree = "<group>"; };
		BB22BB22BB22BB22BB22BB22 /* MetricCardView.swift */ = {isa = PBXFileReference; lastKnownFileType = sourcecode.swift; path = MetricCardView.swift; sourceTree = "<group>"; };
		BB24BB24BB24BB24BB24BB24 /* ReportBuilderView.swift */ = {isa = PBXFileReference; lastKnownFileType = sourcecode.swift; path = ReportBuilderView.swift; sourceTree = "<group>"; };
		DD02DD02DD02DD02DD02DD02 /* AddRecordPickerSheet.swift */ = {isa = PBXFileReference; lastKnownFileType = sourcecode.swift; path = AddRecordPickerSheet.swift; sourceTree = "<group>"; };
		DD04DD04DD04DD04DD04DD04 /* MetricDetailView.swift */ = {isa = PBXFileReference; lastKnownFileType = sourcecode.swift; path = MetricDetailView.swift; sourceTree = "<group>"; };
		CC02CC02CC02CC02CC02CC02 /* HealthRecordTests.swift */ = {isa = PBXFileReference; lastKnownFileType = sourcecode.swift; path = HealthRecordTests.swift; sourceTree = "<group>"; };
		AA44AA44AA44AA44AA44AA44 /* UserProfileTests.swift */ = {isa = PBXFileReference; lastKnownFileType = sourcecode.swift; path = UserProfileTests.swift; sourceTree = "<group>"; };
		CC04CC04CC04CC04CC04CC04 /* MetricRegistryTests.swift */ = {isa = PBXFileReference; lastKnownFileType = sourcecode.swift; path = MetricRegistryTests.swift; sourceTree = "<group>"; };
		AA88AA88AA88AA88AA88AA88 /* PDFGeneratorTests.swift */ = {isa = PBXFileReference; lastKnownFileType = sourcecode.swift; path = PDFGeneratorTests.swift; sourceTree = "<group>"; };
		AABB0011AABB0011AABB0011 /* BPLoggerTests.xctest */ = {isa = PBXFileReference; explicitFileType = wrapper.cfbundle; includeInIndex = 0; path = BPLoggerTests.xctest; sourceTree = BUILT_PRODUCTS_DIR; };
		F950500DD9E0F5B30A6602F6 /* BPLogger.app */ = {isa = PBXFileReference; explicitFileType = wrapper.application; includeInIndex = 0; path = BPLogger.app; sourceTree = BUILT_PRODUCTS_DIR; };
/* End PBXFileReference section */

/* Begin PBXGroup section */
		058B13CC25144E60D2374D6C /* Products */ = {
			isa = PBXGroup;
			children = (
				F950500DD9E0F5B30A6602F6 /* BPLogger.app */,
				AABB0011AABB0011AABB0011 /* BPLoggerTests.xctest */,
			);
			name = Products;
			sourceTree = "<group>";
		};
		199FBB8F6A6011CF6D2720E4 = {
			isa = PBXGroup;
			children = (
				D85D7681AFF9627F3A6A8A48 /* BPLogger */,
				AACC0011AACC0011AACC0011 /* BPLoggerTests */,
				058B13CC25144E60D2374D6C /* Products */,
			);
			sourceTree = "<group>";
		};
		3A25F371B7DB944F42F5C5E7 /* Helpers */ = {
			isa = PBXGroup;
			children = (
				BB12BB12BB12BB12BB12BB12 /* HealthSyncManager.swift */,
				BB10BB10BB10BB10BB10BB10 /* MigrationManager.swift */,
				DD9745F66CBA1CA61ECA7752 /* PDFGenerator.swift */,
			);
			path = Helpers;
			sourceTree = "<group>";
		};
		7A4DA5EFBCC2EAB159024547 /* App */ = {
			isa = PBXGroup;
			children = (
				827D48A9787CF5EA780A3F07 /* BPLoggerApp.swift */,
			);
			path = App;
			sourceTree = "<group>";
		};
		AE2578C98CBF9267E0AD7E05 /* Views */ = {
			isa = PBXGroup;
			children = (
				BB14BB14BB14BB14BB14BB14 /* AddHealthRecordView.swift */,
				DD02DD02DD02DD02DD02DD02 /* AddRecordPickerSheet.swift */,
				9D28FF2120272D7D0AAF06B5 /* ChartsContainerView.swift */,
				2645E4543997ABFFF2095ACE /* ContentView.swift */,
				C620839AC508290919835944 /* DashboardView.swift */,
				BB18BB18BB18BB18BB18BB18 /* DataBrowserView.swift */,
				BB16BB16BB16BB16BB16BB16 /* EditHealthRecordView.swift */,
				BB22BB22BB22BB22BB22BB22 /* MetricCardView.swift */,
				DD04DD04DD04DD04DD04DD04 /* MetricDetailView.swift */,
				BB20BB20BB20BB20BB20BB20 /* RecordDetailView.swift */,
				BB24BB24BB24BB24BB24BB24 /* ReportBuilderView.swift */,
			);
			path = Views;
			sourceTree = "<group>";
		};
		D55283A534D1894FA62C88FA /* Resources */ = {
			isa = PBXGroup;
			children = (
				062B7643D2094A222A5227D8 /* Assets.xcassets */,
			);
			path = Resources;
			sourceTree = "<group>";
		};
		D85D7681AFF9627F3A6A8A48 /* BPLogger */ = {
			isa = PBXGroup;
			children = (
				E642BE933880BE3C181520B5 /* BPLogger.entitlements */,
				00A3DB21E8532CC7EC569510 /* Info.plist */,
				7A4DA5EFBCC2EAB159024547 /* App */,
				3A25F371B7DB944F42F5C5E7 /* Helpers */,
				F0D16BBF7591121B266980E1 /* Models */,
				D55283A534D1894FA62C88FA /* Resources */,
				AE2578C98CBF9267E0AD7E05 /* Views */,
			);
			path = BPLogger;
			sourceTree = "<group>";
		};
		F0D16BBF7591121B266980E1 /* Models */ = {
			isa = PBXGroup;
			children = (
				BB06BB06BB06BB06BB06BB06 /* DismissedHealthKitRecord.swift */,
				BB02BB02BB02BB02BB02BB02 /* HealthRecord.swift */,
				BB04BB04BB04BB04BB04BB04 /* MetricRegistry.swift */,
				BB08BB08BB08BB08BB08BB08 /* SyncState.swift */,
				F2B2B2B2B2B2B2B2B2B2B2B2 /* UserProfile.swift */,
			);
			path = Models;
			sourceTree = "<group>";
		};
		AACC0011AACC0011AACC0011 /* BPLoggerTests */ = {
			isa = PBXGroup;
			children = (
				CC02CC02CC02CC02CC02CC02 /* HealthRecordTests.swift */,
				CC04CC04CC04CC04CC04CC04 /* MetricRegistryTests.swift */,
				AA88AA88AA88AA88AA88AA88 /* PDFGeneratorTests.swift */,
				AA44AA44AA44AA44AA44AA44 /* UserProfileTests.swift */,
			);
			path = BPLoggerTests;
			sourceTree = "<group>";
		};
/* End PBXGroup section */

/* Begin PBXNativeTarget section */
		3F352DF1D7428E1A065F37A4 /* BPLogger */ = {
			isa = PBXNativeTarget;
			buildConfigurationList = 6C84FAF69DC7C1BAE170FEBB /* Build configuration list for PBXNativeTarget "BPLogger" */;
			buildPhases = (
				6BB8EEF481B9F553BC71D82E /* Sources */,
				992890AF9FA6FE873CA6ABF7 /* Resources */,
			);
			buildRules = (
			);
			dependencies = (
			);
			name = BPLogger;
			packageProductDependencies = (
			);
			productName = BPLogger;
			productReference = F950500DD9E0F5B30A6602F6 /* BPLogger.app */;
			productType = "com.apple.product-type.application";
		};
		AADD0011AADD0011AADD0011 /* BPLoggerTests */ = {
			isa = PBXNativeTarget;
			buildConfigurationList = AAEE0011AAEE0011AAEE0011 /* Build configuration list for PBXNativeTarget "BPLoggerTests" */;
			buildPhases = (
				AAFF0011AAFF0011AAFF0011 /* Sources */,
			);
			buildRules = (
			);
			dependencies = (
				AABB0022AABB0022AABB0022 /* PBXTargetDependency */,
			);
			name = BPLoggerTests;
			productName = BPLoggerTests;
			productReference = AABB0011AABB0011AABB0011 /* BPLoggerTests.xctest */;
			productType = "com.apple.product-type.bundle.unit-test";
		};
/* End PBXNativeTarget section */

/* Begin PBXProject section */
		3457DAA7AACA97D64D27391F /* Project object */ = {
			isa = PBXProject;
			attributes = {
				BuildIndependentTargetsInParallel = YES;
				LastUpgradeCheck = 2630;
				TargetAttributes = {
					3F352DF1D7428E1A065F37A4 = {
						SystemCapabilities = {
							com.apple.HealthKit = {
								enabled = 1;
							};
						};
					};
				};
			};
			buildConfigurationList = E08401CE4EC5FB44EA8A58E1 /* Build configuration list for PBXProject "BPLogger" */;
			developmentRegion = en;
			hasScannedForEncodings = 0;
			knownRegions = (
				Base,
				en,
			);
			mainGroup = 199FBB8F6A6011CF6D2720E4;
			minimizedProjectReferenceProxies = 1;
			preferredProjectObjectVersion = 77;
			productRefGroup = 058B13CC25144E60D2374D6C /* Products */;
			projectDirPath = "";
			projectRoot = "";
			targets = (
				3F352DF1D7428E1A065F37A4 /* BPLogger */,
				AADD0011AADD0011AADD0011 /* BPLoggerTests */,
			);
		};
/* End PBXProject section */

/* Begin PBXResourcesBuildPhase section */
		992890AF9FA6FE873CA6ABF7 /* Resources */ = {
			isa = PBXResourcesBuildPhase;
			buildActionMask = 2147483647;
			files = (
				4501C5D17ED1E434663577E4 /* Assets.xcassets in Resources */,
			);
			runOnlyForDeploymentPostprocessing = 0;
		};
/* End PBXResourcesBuildPhase section */

/* Begin PBXSourcesBuildPhase section */
		6BB8EEF481B9F553BC71D82E /* Sources */ = {
			isa = PBXSourcesBuildPhase;
			buildActionMask = 2147483647;
			files = (
				E3CC19DA6ECC8FA8AB1632F7 /* BPLoggerApp.swift in Sources */,
				A65A29A3902C5541BD9847C7 /* ContentView.swift in Sources */,
				7814E1F8D6BF9B63607CB441 /* DashboardView.swift in Sources */,
				A41155556FBC46E2D5DBCC3D /* ChartsContainerView.swift in Sources */,
				675541EBB9668D149F04A9A9 /* PDFGenerator.swift in Sources */,
				F1A1A1A1A1A1A1A1A1A1A1A1 /* UserProfile.swift in Sources */,
				BB01BB01BB01BB01BB01BB01 /* HealthRecord.swift in Sources */,
				BB03BB03BB03BB03BB03BB03 /* MetricRegistry.swift in Sources */,
				BB05BB05BB05BB05BB05BB05 /* DismissedHealthKitRecord.swift in Sources */,
				BB07BB07BB07BB07BB07BB07 /* SyncState.swift in Sources */,
				BB09BB09BB09BB09BB09BB09 /* MigrationManager.swift in Sources */,
				BB11BB11BB11BB11BB11BB11 /* HealthSyncManager.swift in Sources */,
				BB13BB13BB13BB13BB13BB13 /* AddHealthRecordView.swift in Sources */,
				BB15BB15BB15BB15BB15BB15 /* EditHealthRecordView.swift in Sources */,
				BB17BB17BB17BB17BB17BB17 /* DataBrowserView.swift in Sources */,
				BB19BB19BB19BB19BB19BB19 /* RecordDetailView.swift in Sources */,
				BB21BB21BB21BB21BB21BB21 /* MetricCardView.swift in Sources */,
				BB23BB23BB23BB23BB23BB23 /* ReportBuilderView.swift in Sources */,
				DD01DD01DD01DD01DD01DD01 /* AddRecordPickerSheet.swift in Sources */,
				DD03DD03DD03DD03DD03DD03 /* MetricDetailView.swift in Sources */,
			);
			runOnlyForDeploymentPostprocessing = 0;
		};
		AAFF0011AAFF0011AAFF0011 /* Sources */ = {
			isa = PBXSourcesBuildPhase;
			buildActionMask = 2147483647;
			files = (
				CC01CC01CC01CC01CC01CC01 /* HealthRecordTests.swift in Sources */,
				AA33AA33AA33AA33AA33AA33 /* UserProfileTests.swift in Sources */,
				CC03CC03CC03CC03CC03CC03 /* MetricRegistryTests.swift in Sources */,
				AA77AA77AA77AA77AA77AA77 /* PDFGeneratorTests.swift in Sources */,
			);
			runOnlyForDeploymentPostprocessing = 0;
		};
/* End PBXSourcesBuildPhase section */

/* Begin PBXTargetDependency section */
		AABB0022AABB0022AABB0022 /* PBXTargetDependency */ = {
			isa = PBXTargetDependency;
			target = 3F352DF1D7428E1A065F37A4 /* BPLogger */;
			targetProxy = AABB0033AABB0033AABB0033 /* PBXContainerItemProxy */;
		};
/* End PBXTargetDependency section */

/* Begin PBXContainerItemProxy section */
		AABB0033AABB0033AABB0033 /* PBXContainerItemProxy */ = {
			isa = PBXContainerItemProxy;
			containerPortal = 3457DAA7AACA97D64D27391F /* Project object */;
			proxyType = 1;
			remoteGlobalIDString = 3F352DF1D7428E1A065F37A4;
			remoteInfo = BPLogger;
		};
/* End PBXContainerItemProxy section */

/* Begin XCBuildConfiguration section */
		398D223EDBF0569032EA37C9 /* Release */ = {
			isa = XCBuildConfiguration;
			buildSettings = {
				ASSETCATALOG_COMPILER_APPICON_NAME = AppIcon;
				CODE_SIGN_ENTITLEMENTS = BPLogger/BPLogger.entitlements;
				CODE_SIGN_IDENTITY = "Apple Development";
				CODE_SIGN_STYLE = Automatic;
				CURRENT_PROJECT_VERSION = 1;
				DEVELOPMENT_TEAM = U433W77Z44;
				INFOPLIST_FILE = BPLogger/Info.plist;
				LD_RUNPATH_SEARCH_PATHS = (
					"$(inherited)",
					"@executable_path/Frameworks",
				);
				MARKETING_VERSION = 1.0.0;
				PRODUCT_BUNDLE_IDENTIFIER = com.abhaysingh.bplogger;
				PROVISIONING_PROFILE_SPECIFIER = "";
				SDKROOT = iphoneos;
				SUPPORTS_XR_DESIGNED_FOR = NO;
				TARGETED_DEVICE_FAMILY = 1;
			};
			name = Release;
		};
		7CAE75D35FF1A9307D8323AF /* Release */ = {
			isa = XCBuildConfiguration;
			buildSettings = {
				ALWAYS_SEARCH_USER_PATHS = NO;
				CLANG_ANALYZER_NONNULL = YES;
				CLANG_ANALYZER_NUMBER_OBJECT_CONVERSION = YES_AGGRESSIVE;
				CLANG_CXX_LANGUAGE_STANDARD = "gnu++14";
				CLANG_CXX_LIBRARY = "libc++";
				CLANG_ENABLE_MODULES = YES;
				CLANG_ENABLE_OBJC_ARC = YES;
				CLANG_ENABLE_OBJC_WEAK = YES;
				CLANG_WARN_BLOCK_CAPTURE_AUTORELEASING = YES;
				CLANG_WARN_BOOL_CONVERSION = YES;
				CLANG_WARN_COMMA = YES;
				CLANG_WARN_CONSTANT_CONVERSION = YES;
				CLANG_WARN_DEPRECATED_OBJC_IMPLEMENTATIONS = YES;
				CLANG_WARN_DIRECT_OBJC_ISA_USAGE = YES_ERROR;
				CLANG_WARN_DOCUMENTATION_COMMENTS = YES;
				CLANG_WARN_EMPTY_BODY = YES;
				CLANG_WARN_ENUM_CONVERSION = YES;
				CLANG_WARN_INFINITE_RECURSION = YES;
				CLANG_WARN_INT_CONVERSION = YES;
				CLANG_WARN_NON_LITERAL_NULL_CONVERSION = YES;
				CLANG_WARN_OBJC_IMPLICIT_RETAIN_SELF = YES;
				CLANG_WARN_OBJC_LITERAL_CONVERSION = YES;
				CLANG_WARN_OBJC_ROOT_CLASS = YES_ERROR;
				CLANG_WARN_QUOTED_INCLUDE_IN_FRAMEWORK_HEADER = YES;
				CLANG_WARN_RANGE_LOOP_ANALYSIS = YES;
				CLANG_WARN_STRICT_PROTOTYPES = YES;
				CLANG_WARN_SUSPICIOUS_MOVE = YES;
				CLANG_WARN_UNGUARDED_AVAILABILITY = YES_AGGRESSIVE;
				CLANG_WARN_UNREACHABLE_CODE = YES;
				CLANG_WARN__DUPLICATE_METHOD_MATCH = YES;
				COPY_PHASE_STRIP = NO;
				DEBUG_INFORMATION_FORMAT = "dwarf-with-dsym";
				DEVELOPMENT_TEAM = U433W77Z44;
				ENABLE_NS_ASSERTIONS = NO;
				ENABLE_STRICT_OBJC_MSGSEND = YES;
				ENABLE_USER_SCRIPT_SANDBOXING = YES;
				GCC_C_LANGUAGE_STANDARD = gnu11;
				GCC_NO_COMMON_BLOCKS = YES;
				GCC_WARN_64_TO_32_BIT_CONVERSION = YES;
				GCC_WARN_ABOUT_RETURN_TYPE = YES_ERROR;
				GCC_WARN_UNDECLARED_SELECTOR = YES;
				GCC_WARN_UNINITIALIZED_AUTOS = YES_AGGRESSIVE;
				GCC_WARN_UNUSED_FUNCTION = YES;
				GCC_WARN_UNUSED_VARIABLE = YES;
				IPHONEOS_DEPLOYMENT_TARGET = 17.0;
				MTL_ENABLE_DEBUG_INFO = NO;
				MTL_FAST_MATH = YES;
				PRODUCT_NAME = "$(TARGET_NAME)";
				SDKROOT = iphoneos;
				STRING_CATALOG_GENERATE_SYMBOLS = YES;
				SWIFT_COMPILATION_MODE = wholemodule;
				SWIFT_OPTIMIZATION_LEVEL = "-O";
				SWIFT_VERSION = 5.9;
			};
			name = Release;
		};
		945BD8664149D88AF7F91A2F /* Debug */ = {
			isa = XCBuildConfiguration;
			buildSettings = {
				ASSETCATALOG_COMPILER_APPICON_NAME = AppIcon;
				CODE_SIGN_ENTITLEMENTS = BPLogger/BPLogger.entitlements;
				CODE_SIGN_IDENTITY = "Apple Development";
				CODE_SIGN_STYLE = Automatic;
				CURRENT_PROJECT_VERSION = 1;
				DEVELOPMENT_TEAM = U433W77Z44;
				INFOPLIST_FILE = BPLogger/Info.plist;
				LD_RUNPATH_SEARCH_PATHS = (
					"$(inherited)",
					"@executable_path/Frameworks",
				);
				MARKETING_VERSION = 1.0.0;
				PRODUCT_BUNDLE_IDENTIFIER = com.abhaysingh.bplogger;
				PROVISIONING_PROFILE_SPECIFIER = "";
				SDKROOT = iphoneos;
				SUPPORTS_XR_DESIGNED_FOR = NO;
				TARGETED_DEVICE_FAMILY = 1;
			};
			name = Debug;
		};
		B6412BF0635A22B817A075D2 /* Debug */ = {
			isa = XCBuildConfiguration;
			buildSettings = {
				ALWAYS_SEARCH_USER_PATHS = NO;
				CLANG_ANALYZER_NONNULL = YES;
				CLANG_ANALYZER_NUMBER_OBJECT_CONVERSION = YES_AGGRESSIVE;
				CLANG_CXX_LANGUAGE_STANDARD = "gnu++14";
				CLANG_CXX_LIBRARY = "libc++";
				CLANG_ENABLE_MODULES = YES;
				CLANG_ENABLE_OBJC_ARC = YES;
				CLANG_ENABLE_OBJC_WEAK = YES;
				CLANG_WARN_BLOCK_CAPTURE_AUTORELEASING = YES;
				CLANG_WARN_BOOL_CONVERSION = YES;
				CLANG_WARN_COMMA = YES;
				CLANG_WARN_CONSTANT_CONVERSION = YES;
				CLANG_WARN_DEPRECATED_OBJC_IMPLEMENTATIONS = YES;
				CLANG_WARN_DIRECT_OBJC_ISA_USAGE = YES_ERROR;
				CLANG_WARN_DOCUMENTATION_COMMENTS = YES;
				CLANG_WARN_EMPTY_BODY = YES;
				CLANG_WARN_ENUM_CONVERSION = YES;
				CLANG_WARN_INFINITE_RECURSION = YES;
				CLANG_WARN_INT_CONVERSION = YES;
				CLANG_WARN_NON_LITERAL_NULL_CONVERSION = YES;
				CLANG_WARN_OBJC_IMPLICIT_RETAIN_SELF = YES;
				CLANG_WARN_OBJC_LITERAL_CONVERSION = YES;
				CLANG_WARN_OBJC_ROOT_CLASS = YES_ERROR;
				CLANG_WARN_QUOTED_INCLUDE_IN_FRAMEWORK_HEADER = YES;
				CLANG_WARN_RANGE_LOOP_ANALYSIS = YES;
				CLANG_WARN_STRICT_PROTOTYPES = YES;
				CLANG_WARN_SUSPICIOUS_MOVE = YES;
				CLANG_WARN_UNGUARDED_AVAILABILITY = YES_AGGRESSIVE;
				CLANG_WARN_UNREACHABLE_CODE = YES;
				CLANG_WARN__DUPLICATE_METHOD_MATCH = YES;
				COPY_PHASE_STRIP = NO;
				DEBUG_INFORMATION_FORMAT = dwarf;
				DEVELOPMENT_TEAM = U433W77Z44;
				ENABLE_STRICT_OBJC_MSGSEND = YES;
				ENABLE_TESTABILITY = YES;
				ENABLE_USER_SCRIPT_SANDBOXING = YES;
				GCC_C_LANGUAGE_STANDARD = gnu11;
				GCC_DYNAMIC_NO_PIC = NO;
				GCC_NO_COMMON_BLOCKS = YES;
				GCC_OPTIMIZATION_LEVEL = 0;
				GCC_PREPROCESSOR_DEFINITIONS = (
					"$(inherited)",
					"DEBUG=1",
				);
				GCC_WARN_64_TO_32_BIT_CONVERSION = YES;
				GCC_WARN_ABOUT_RETURN_TYPE = YES_ERROR;
				GCC_WARN_UNDECLARED_SELECTOR = YES;
				GCC_WARN_UNINITIALIZED_AUTOS = YES_AGGRESSIVE;
				GCC_WARN_UNUSED_FUNCTION = YES;
				GCC_WARN_UNUSED_VARIABLE = YES;
				IPHONEOS_DEPLOYMENT_TARGET = 17.0;
				MTL_ENABLE_DEBUG_INFO = INCLUDE_SOURCE;
				MTL_FAST_MATH = YES;
				ONLY_ACTIVE_ARCH = YES;
				PRODUCT_NAME = "$(TARGET_NAME)";
				SDKROOT = iphoneos;
				STRING_CATALOG_GENERATE_SYMBOLS = YES;
				SWIFT_ACTIVE_COMPILATION_CONDITIONS = DEBUG;
				SWIFT_OPTIMIZATION_LEVEL = "-Onone";
				SWIFT_VERSION = 5.9;
			};
			name = Debug;
		};
		AACC0022AACC0022AACC0022 /* Debug */ = {
			isa = XCBuildConfiguration;
			buildSettings = {
				BUNDLE_LOADER = "$(TEST_HOST)";
				CODE_SIGN_STYLE = Automatic;
				DEVELOPMENT_TEAM = U433W77Z44;
				GENERATE_INFOPLIST_FILE = YES;
				LD_RUNPATH_SEARCH_PATHS = (
					"$(inherited)",
					"@executable_path/Frameworks",
					"@loader_path/Frameworks",
				);
				PRODUCT_BUNDLE_IDENTIFIER = com.abhaysingh.bplogger.tests;
				SDKROOT = iphoneos;
				SWIFT_VERSION = 5.9;
				TARGETED_DEVICE_FAMILY = 1;
				TEST_HOST = "$(BUILT_PRODUCTS_DIR)/BPLogger.app/$(BUNDLE_EXECUTABLE_FOLDER_PATH)/BPLogger";
			};
			name = Debug;
		};
		AACC0033AACC0033AACC0033 /* Release */ = {
			isa = XCBuildConfiguration;
			buildSettings = {
				BUNDLE_LOADER = "$(TEST_HOST)";
				CODE_SIGN_STYLE = Automatic;
				DEVELOPMENT_TEAM = U433W77Z44;
				GENERATE_INFOPLIST_FILE = YES;
				LD_RUNPATH_SEARCH_PATHS = (
					"$(inherited)",
					"@executable_path/Frameworks",
					"@loader_path/Frameworks",
				);
				PRODUCT_BUNDLE_IDENTIFIER = com.abhaysingh.bplogger.tests;
				SDKROOT = iphoneos;
				SWIFT_VERSION = 5.9;
				TARGETED_DEVICE_FAMILY = 1;
				TEST_HOST = "$(BUILT_PRODUCTS_DIR)/BPLogger.app/$(BUNDLE_EXECUTABLE_FOLDER_PATH)/BPLogger";
			};
			name = Release;
		};
/* End XCBuildConfiguration section */

/* Begin XCConfigurationList section */
		6C84FAF69DC7C1BAE170FEBB /* Build configuration list for PBXNativeTarget "BPLogger" */ = {
			isa = XCConfigurationList;
			buildConfigurations = (
				945BD8664149D88AF7F91A2F /* Debug */,
				398D223EDBF0569032EA37C9 /* Release */,
			);
			defaultConfigurationIsVisible = 0;
			defaultConfigurationName = Debug;
		};
		E08401CE4EC5FB44EA8A58E1 /* Build configuration list for PBXProject "BPLogger" */ = {
			isa = XCConfigurationList;
			buildConfigurations = (
				B6412BF0635A22B817A075D2 /* Debug */,
				7CAE75D35FF1A9307D8323AF /* Release */,
			);
			defaultConfigurationIsVisible = 0;
			defaultConfigurationName = Debug;
		};
		AAEE0011AAEE0011AAEE0011 /* Build configuration list for PBXNativeTarget "BPLoggerTests" */ = {
			isa = XCConfigurationList;
			buildConfigurations = (
				AACC0022AACC0022AACC0022 /* Debug */,
				AACC0033AACC0033AACC0033 /* Release */,
			);
			defaultConfigurationIsVisible = 0;
			defaultConfigurationName = Debug;
		};
/* End XCConfigurationList section */
	};
	rootObject = 3457DAA7AACA97D64D27391F /* Project object */;
}
