// !$*UTF8*$!
{
	archiveVersion = 1;
	classes = {
	};
	objectVersion = 77;
	objects = {

/* Begin PBXBuildFile section */
		15C91534C9DB47ADD0CE3B69 /* DismissedHealthKitRecord.swift in Sources */ = {isa = PBXBuildFile; fileRef = A39CD658B7E95CE0BA1FF443 /* DismissedHealthKitRecord.swift */; };
		4501C5D17ED1E434663577E4 /* Assets.xcassets in Resources */ = {isa = PBXBuildFile; fileRef = 062B7643D2094A222A5227D8 /* Assets.xcassets */; };
		4B81D10BCA423F7E59A0D31F /* AddHealthRecordView.swift in Sources */ = {isa = PBXBuildFile; fileRef = 24D7C324DC0F6F9BCADA9DA9 /* AddHealthRecordView.swift */; };
		501CF87A65FECF7D18E23D14 /* AddRecordPickerSheet.swift in Sources */ = {isa = PBXBuildFile; fileRef = 80AD7ED4FBADC81516D7B416 /* AddRecordPickerSheet.swift */; };
		60C5FA1571B6AF6EA55A37D6 /* RecordDetailView.swift in Sources */ = {isa = PBXBuildFile; fileRef = 480E73799920EA8A1A46B6C9 /* RecordDetailView.swift */; };
		675541EBB9668D149F04A9A9 /* PDFGenerator.swift in Sources */ = {isa = PBXBuildFile; fileRef = DD9745F66CBA1CA61ECA7752 /* PDFGenerator.swift */; };
		67A7197F29064933DFCBDE92 /* HealthRecord.swift in Sources */ = {isa = PBXBuildFile; fileRef = 228099C3CE61EDD7A796DA20 /* HealthRecord.swift */; };
		724F2336FCB1A526D9486890 /* HealthSyncManager.swift in Sources */ = {isa = PBXBuildFile; fileRef = 4454AED0C58348DCE99B1D5A /* HealthSyncManager.swift */; };
		7814E1F8D6BF9B63607CB441 /* DashboardView.swift in Sources */ = {isa = PBXBuildFile; fileRef = C620839AC508290919835944 /* DashboardView.swift */; };
		8F16B9A72A183F5156812C65 /* HealthDataStore.swift in Sources */ = {isa = PBXBuildFile; fileRef = 5DAF088088A7D307BD519561 /* HealthDataStore.swift */; };
		9FBEE3715AA50D7BB9E6E594 /* UserProfile.swift in Sources */ = {isa = PBXBuildFile; fileRef = 97D907AB420F8DBEA1A2E547 /* UserProfile.swift */; };
		A1904EA5B367EF5549021DEF /* EditHealthRecordView.swift in Sources */ = {isa = PBXBuildFile; fileRef = CD024B24A0841A0FD3417BBA /* EditHealthRecordView.swift */; };
		A41155556FBC46E2D5DBCC3D /* ChartsContainerView.swift in Sources */ = {isa = PBXBuildFile; fileRef = 9D28FF2120272D7D0AAF06B5 /* ChartsContainerView.swift */; };
		A65A29A3902C5541BD9847C7 /* ContentView.swift in Sources */ = {isa = PBXBuildFile; fileRef = 2645E4543997ABFFF2095ACE /* ContentView.swift */; };
		BA9B0DF1EB1405898887A189 /* ReportBuilderView.swift in Sources */ = {isa = PBXBuildFile; fileRef = 0D2CF669091D2AE7E9FA0E37 /* ReportBuilderView.swift */; };
		C6B7B081EB3EB7038AED535E /* DataBrowserView.swift in Sources */ = {isa = PBXBuildFile; fileRef = F7F7A7D449A15AAADA524422 /* DataBrowserView.swift */; };
		CCCA324F3B2321E9B71051BE /* MigrationManager.swift in Sources */ = {isa = PBXBuildFile; fileRef = 41C44049ABF27DF9678EFD49 /* MigrationManager.swift */; };
		D5BA76553C81BC81241B2885 /* MetricCardView.swift in Sources */ = {isa = PBXBuildFile; fileRef = 04AEE135E73DC94F815DDAA3 /* MetricCardView.swift */; };
		D748BADD7BE2F619DAF1FC38 /* ReportStyle.swift in Sources */ = {isa = PBXBuildFile; fileRef = 18F465220D9BB00B2BDD1CEF /* ReportStyle.swift */; };
		DD77409927FE2DACF9BFC7E3 /* MetricRegistry.swift in Sources */ = {isa = PBXBuildFile; fileRef = FEED41EF72BE63D9341A6D3A /* MetricRegistry.swift */; };
		E3CC19DA6ECC8FA8AB1632F7 /* BPLoggerApp.swift in Sources */ = {isa = PBXBuildFile; fileRef = 827D48A9787CF5EA780A3F07 /* BPLoggerApp.swift */; };
		E5EF79C59D6A2DE57340DC13 /* HealthKitCatalog.swift in Sources */ = {isa = PBXBuildFile; fileRef = 581B80943DDFFB0F79587269 /* HealthKitCatalog.swift */; };
		E6DA5A7C3F3DAD00BF792659 /* SyncState.swift in Sources */ = {isa = PBXBuildFile; fileRef = 5EF215E030614420B9E5CC51 /* SyncState.swift */; };
		FE6F5DAA7A7DAC47416A21C5 /* MetricDetailView.swift in Sources */ = {isa = PBXBuildFile; fileRef = AB8F6DF4F29DAE567EA9AFE0 /* MetricDetailView.swift */; };
/* End PBXBuildFile section */

/* Begin PBXFileReference section */
		00A3DB21E8532CC7EC569510 /* Info.plist */ = {isa = PBXFileReference; lastKnownFileType = text.plist; path = Info.plist; sourceTree = "<group>"; };
		04AEE135E73DC94F815DDAA3 /* MetricCardView.swift */ = {isa = PBXFileReference; lastKnownFileType = sourcecode.swift; path = MetricCardView.swift; sourceTree = "<group>"; };
		062B7643D2094A222A5227D8 /* Assets.xcassets */ = {isa = PBXFileReference; lastKnownFileType = folder.assetcatalog; path = Assets.xcassets; sourceTree = "<group>"; };
		0D2CF669091D2AE7E9FA0E37 /* ReportBuilderView.swift */ = {isa = PBXFileReference; lastKnownFileType = sourcecode.swift; path = ReportBuilderView.swift; sourceTree = "<group>"; };
		18F465220D9BB00B2BDD1CEF /* ReportStyle.swift */ = {isa = PBXFileReference; lastKnownFileType = sourcecode.swift; path = ReportStyle.swift; sourceTree = "<group>"; };
		228099C3CE61EDD7A796DA20 /* HealthRecord.swift */ = {isa = PBXFileReference; lastKnownFileType = sourcecode.swift; path = HealthRecord.swift; sourceTree = "<group>"; };
		24D7C324DC0F6F9BCADA9DA9 /* AddHealthRecordView.swift */ = {isa = PBXFileReference; lastKnownFileType = sourcecode.swift; path = AddHealthRecordView.swift; sourceTree = "<group>"; };
		2645E4543997ABFFF2095ACE /* ContentView.swift */ = {isa = PBXFileReference; lastKnownFileType = sourcecode.swift; path = ContentView.swift; sourceTree = "<group>"; };
		41C44049ABF27DF9678EFD49 /* MigrationManager.swift */ = {isa = PBXFileReference; lastKnownFileType = sourcecode.swift; path = MigrationManager.swift; sourceTree = "<group>"; };
		4454AED0C58348DCE99B1D5A /* HealthSyncManager.swift */ = {isa = PBXFileReference; lastKnownFileType = sourcecode.swift; path = HealthSyncManager.swift; sourceTree = "<group>"; };
		480E73799920EA8A1A46B6C9 /* RecordDetailView.swift */ = {isa = PBXFileReference; lastKnownFileType = sourcecode.swift; path = RecordDetailView.swift; sourceTree = "<group>"; };
		581B80943DDFFB0F79587269 /* HealthKitCatalog.swift */ = {isa = PBXFileReference; lastKnownFileType = sourcecode.swift; path = HealthKitCatalog.swift; sourceTree = "<group>"; };
		5DAF088088A7D307BD519561 /* HealthDataStore.swift */ = {isa = PBXFileReference; lastKnownFileType = sourcecode.swift; path = HealthDataStore.swift; sourceTree = "<group>"; };
		5EF215E030614420B9E5CC51 /* SyncState.swift */ = {isa = PBXFileReference; lastKnownFileType = sourcecode.swift; path = SyncState.swift; sourceTree = "<group>"; };
		80AD7ED4FBADC81516D7B416 /* AddRecordPickerSheet.swift */ = {isa = PBXFileReference; lastKnownFileType = sourcecode.swift; path = AddRecordPickerSheet.swift; sourceTree = "<group>"; };
		827D48A9787CF5EA780A3F07 /* BPLoggerApp.swift */ = {isa = PBXFileReference; lastKnownFileType = sourcecode.swift; path = BPLoggerApp.swift; sourceTree = "<group>"; };
		97D907AB420F8DBEA1A2E547 /* UserProfile.swift */ = {isa = PBXFileReference; lastKnownFileType = sourcecode.swift; path = UserProfile.swift; sourceTree = "<group>"; };
		9D28FF2120272D7D0AAF06B5 /* ChartsContainerView.swift */ = {isa = PBXFileReference; lastKnownFileType = sourcecode.swift; path = ChartsContainerView.swift; sourceTree = "<group>"; };
		A39CD658B7E95CE0BA1FF443 /* DismissedHealthKitRecord.swift */ = {isa = PBXFileReference; lastKnownFileType = sourcecode.swift; path = DismissedHealthKitRecord.swift; sourceTree = "<group>"; };
		AB8F6DF4F29DAE567EA9AFE0 /* MetricDetailView.swift */ = {isa = PBXFileReference; lastKnownFileType = sourcecode.swift; path = MetricDetailView.swift; sourceTree = "<group>"; };
		C620839AC508290919835944 /* DashboardView.swift */ = {isa = PBXFileReference; lastKnownFileType = sourcecode.swift; path = DashboardView.swift; sourceTree = "<group>"; };
		CD024B24A0841A0FD3417BBA /* EditHealthRecordView.swift */ = {isa = PBXFileReference; lastKnownFileType = sourcecode.swift; path = EditHealthRecordView.swift; sourceTree = "<group>"; };
		DD9745F66CBA1CA61ECA7752 /* PDFGenerator.swift */ = {isa = PBXFileReference; lastKnownFileType = sourcecode.swift; path = PDFGenerator.swift; sourceTree = "<group>"; };
		E642BE933880BE3C181520B5 /* BPLogger.entitlements */ = {isa = PBXFileReference; lastKnownFileType = text.plist.entitlements; path = BPLogger.entitlements; sourceTree = "<group>"; };
		F7F7A7D449A15AAADA524422 /* DataBrowserView.swift */ = {isa = PBXFileReference; lastKnownFileType = sourcecode.swift; path = DataBrowserView.swift; sourceTree = "<group>"; };
		F950500DD9E0F5B30A6602F6 /* BPLogger.app */ = {isa = PBXFileReference; includeInIndex = 0; lastKnownFileType = wrapper.application; path = BPLogger.app; sourceTree = BUILT_PRODUCTS_DIR; };
		FEED41EF72BE63D9341A6D3A /* MetricRegistry.swift */ = {isa = PBXFileReference; lastKnownFileType = sourcecode.swift; path = MetricRegistry.swift; sourceTree = "<group>"; };
/* End PBXFileReference section */

/* Begin PBXGroup section */
		058B13CC25144E60D2374D6C /* Products */ = {
			isa = PBXGroup;
			children = (
				F950500DD9E0F5B30A6602F6 /* BPLogger.app */,
			);
			name = Products;
			sourceTree = "<group>";
		};
		199FBB8F6A6011CF6D2720E4 = {
			isa = PBXGroup;
			children = (
				D85D7681AFF9627F3A6A8A48 /* BPLogger */,
				058B13CC25144E60D2374D6C /* Products */,
			);
			sourceTree = "<group>";
		};
		3A25F371B7DB944F42F5C5E7 /* Helpers */ = {
			isa = PBXGroup;
			children = (
				5DAF088088A7D307BD519561 /* HealthDataStore.swift */,
				4454AED0C58348DCE99B1D5A /* HealthSyncManager.swift */,
				41C44049ABF27DF9678EFD49 /* MigrationManager.swift */,
				DD9745F66CBA1CA61ECA7752 /* PDFGenerator.swift */,
			);
			path = Helpers;
			sourceTree = "<group>";
		};
		7A4DA5EFBCC2EAB159024547 /* App */ = {
			isa = PBXGroup;
			children = (
				827D48A9787CF5EA780A3F07 /* BPLoggerApp.swift */,
			);
			path = App;
			sourceTree = "<group>";
		};
		AE2578C98CBF9267E0AD7E05 /* Views */ = {
			isa = PBXGroup;
			children = (
				24D7C324DC0F6F9BCADA9DA9 /* AddHealthRecordView.swift */,
				80AD7ED4FBADC81516D7B416 /* AddRecordPickerSheet.swift */,
				9D28FF2120272D7D0AAF06B5 /* ChartsContainerView.swift */,
				2645E4543997ABFFF2095ACE /* ContentView.swift */,
				C620839AC508290919835944 /* DashboardView.swift */,
				F7F7A7D449A15AAADA524422 /* DataBrowserView.swift */,
				CD024B24A0841A0FD3417BBA /* EditHealthRecordView.swift */,
				04AEE135E73DC94F815DDAA3 /* MetricCardView.swift */,
				AB8F6DF4F29DAE567EA9AFE0 /* MetricDetailView.swift */,
				480E73799920EA8A1A46B6C9 /* RecordDetailView.swift */,
				0D2CF669091D2AE7E9FA0E37 /* ReportBuilderView.swift */,
			);
			path = Views;
			sourceTree = "<group>";
		};
		D55283A534D1894FA62C88FA /* Resources */ = {
			isa = PBXGroup;
			children = (
				062B7643D2094A222A5227D8 /* Assets.xcassets */,
			);
			path = Resources;
			sourceTree = "<group>";
		};
		D85D7681AFF9627F3A6A8A48 /* BPLogger */ = {
			isa = PBXGroup;
			children = (
				E642BE933880BE3C181520B5 /* BPLogger.entitlements */,
				00A3DB21E8532CC7EC569510 /* Info.plist */,
				7A4DA5EFBCC2EAB159024547 /* App */,
				3A25F371B7DB944F42F5C5E7 /* Helpers */,
				F0D16BBF7591121B266980E1 /* Models */,
				D55283A534D1894FA62C88FA /* Resources */,
				AE2578C98CBF9267E0AD7E05 /* Views */,
			);
			path = BPLogger;
			sourceTree = "<group>";
		};
		F0D16BBF7591121B266980E1 /* Models */ = {
			isa = PBXGroup;
			children = (
				A39CD658B7E95CE0BA1FF443 /* DismissedHealthKitRecord.swift */,
				581B80943DDFFB0F79587269 /* HealthKitCatalog.swift */,
				228099C3CE61EDD7A796DA20 /* HealthRecord.swift */,
				FEED41EF72BE63D9341A6D3A /* MetricRegistry.swift */,
				18F465220D9BB00B2BDD1CEF /* ReportStyle.swift */,
				5EF215E030614420B9E5CC51 /* SyncState.swift */,
				97D907AB420F8DBEA1A2E547 /* UserProfile.swift */,
			);
			path = Models;
			sourceTree = "<group>";
		};
/* End PBXGroup section */

/* Begin PBXNativeTarget section */
		3F352DF1D7428E1A065F37A4 /* BPLogger */ = {
			isa = PBXNativeTarget;
			buildConfigurationList = 6C84FAF69DC7C1BAE170FEBB /* Build configuration list for PBXNativeTarget "BPLogger" */;
			buildPhases = (
				6BB8EEF481B9F553BC71D82E /* Sources */,
				992890AF9FA6FE873CA6ABF7 /* Resources */,
			);
			buildRules = (
			);
			dependencies = (
			);
			name = BPLogger;
			packageProductDependencies = (
			);
			productName = BPLogger;
			productReference = F950500DD9E0F5B30A6602F6 /* BPLogger.app */;
			productType = "com.apple.product-type.application";
		};
/* End PBXNativeTarget section */

/* Begin PBXProject section */
		3457DAA7AACA97D64D27391F /* Project object */ = {
			isa = PBXProject;
			attributes = {
				BuildIndependentTargetsInParallel = YES;
				LastUpgradeCheck = 1600;
				TargetAttributes = {
					3F352DF1D7428E1A065F37A4 = {
						DevelopmentTeam = U433W77Z44;
						ProvisioningStyle = Automatic;
					};
				};
			};
			buildConfigurationList = E08401CE4EC5FB44EA8A58E1 /* Build configuration list for PBXProject "BPLogger" */;
			developmentRegion = en;
			hasScannedForEncodings = 0;
			knownRegions = (
				Base,
				en,
			);
			mainGroup = 199FBB8F6A6011CF6D2720E4;
			minimizedProjectReferenceProxies = 1;
			preferredProjectObjectVersion = 77;
			productRefGroup = 058B13CC25144E60D2374D6C /* Products */;
			projectDirPath = "";
			projectRoot = "";
			targets = (
				3F352DF1D7428E1A065F37A4 /* BPLogger */,
			);
		};
/* End PBXProject section */

/* Begin PBXResourcesBuildPhase section */
		992890AF9FA6FE873CA6ABF7 /* Resources */ = {
			isa = PBXResourcesBuildPhase;
			buildActionMask = 2147483647;
			files = (
				4501C5D17ED1E434663577E4 /* Assets.xcassets in Resources */,
			);
			runOnlyForDeploymentPostprocessing = 0;
		};
/* End PBXResourcesBuildPhase section */

/* Begin PBXSourcesBuildPhase section */
		6BB8EEF481B9F553BC71D82E /* Sources */ = {
			isa = PBXSourcesBuildPhase;
			buildActionMask = 2147483647;
			files = (
				4B81D10BCA423F7E59A0D31F /* AddHealthRecordView.swift in Sources */,
				501CF87A65FECF7D18E23D14 /* AddRecordPickerSheet.swift in Sources */,
				E3CC19DA6ECC8FA8AB1632F7 /* BPLoggerApp.swift in Sources */,
				A41155556FBC46E2D5DBCC3D /* ChartsContainerView.swift in Sources */,
				A65A29A3902C5541BD9847C7 /* ContentView.swift in Sources */,
				7814E1F8D6BF9B63607CB441 /* DashboardView.swift in Sources */,
				C6B7B081EB3EB7038AED535E /* DataBrowserView.swift in Sources */,
				15C91534C9DB47ADD0CE3B69 /* DismissedHealthKitRecord.swift in Sources */,
				A1904EA5B367EF5549021DEF /* EditHealthRecordView.swift in Sources */,
				8F16B9A72A183F5156812C65 /* HealthDataStore.swift in Sources */,
				E5EF79C59D6A2DE57340DC13 /* HealthKitCatalog.swift in Sources */,
				67A7197F29064933DFCBDE92 /* HealthRecord.swift in Sources */,
				724F2336FCB1A526D9486890 /* HealthSyncManager.swift in Sources */,
				D5BA76553C81BC81241B2885 /* MetricCardView.swift in Sources */,
				FE6F5DAA7A7DAC47416A21C5 /* MetricDetailView.swift in Sources */,
				DD77409927FE2DACF9BFC7E3 /* MetricRegistry.swift in Sources */,
				CCCA324F3B2321E9B71051BE /* MigrationManager.swift in Sources */,
				675541EBB9668D149F04A9A9 /* PDFGenerator.swift in Sources */,
				60C5FA1571B6AF6EA55A37D6 /* RecordDetailView.swift in Sources */,
				BA9B0DF1EB1405898887A189 /* ReportBuilderView.swift in Sources */,
				D748BADD7BE2F619DAF1FC38 /* ReportStyle.swift in Sources */,
				E6DA5A7C3F3DAD00BF792659 /* SyncState.swift in Sources */,
				9FBEE3715AA50D7BB9E6E594 /* UserProfile.swift in Sources */,
			);
			runOnlyForDeploymentPostprocessing = 0;
		};
/* End PBXSourcesBuildPhase section */

/* Begin XCBuildConfiguration section */
		398D223EDBF0569032EA37C9 /* Release */ = {
			isa = XCBuildConfiguration;
			buildSettings = {
				ASSETCATALOG_COMPILER_APPICON_NAME = AppIcon;
				CODE_SIGN_ENTITLEMENTS = BPLogger/BPLogger.entitlements;
				CODE_SIGN_IDENTITY = "iPhone Developer";
				CODE_SIGN_STYLE = Automatic;
				CURRENT_PROJECT_VERSION = 1;
				DEVELOPMENT_TEAM = U433W77Z44;
				INFOPLIST_FILE = BPLogger/Info.plist;
				LD_RUNPATH_SEARCH_PATHS = (
					"$(inherited)",
					"@executable_path/Frameworks",
				);
				MARKETING_VERSION = 1.0.0;
				PRODUCT_BUNDLE_IDENTIFIER = com.abhaysingh.bplogger;
				SDKROOT = iphoneos;
				SUPPORTS_XR_DESIGNED_FOR = NO;
				TARGETED_DEVICE_FAMILY = 1;
			};
			name = Release;
		};
		7CAE75D35FF1A9307D8323AF /* Release */ = {
			isa = XCBuildConfiguration;
			buildSettings = {
				ALWAYS_SEARCH_USER_PATHS = NO;
				CLANG_ANALYZER_NONNULL = YES;
				CLANG_ANALYZER_NUMBER_OBJECT_CONVERSION = YES_AGGRESSIVE;
				CLANG_CXX_LANGUAGE_STANDARD = "gnu++14";
				CLANG_CXX_LIBRARY = "libc++";
				CLANG_ENABLE_MODULES = YES;
				CLANG_ENABLE_OBJC_ARC = YES;
				CLANG_ENABLE_OBJC_WEAK = YES;
				CLANG_WARN_BLOCK_CAPTURE_AUTORELEASING = YES;
				CLANG_WARN_BOOL_CONVERSION = YES;
				CLANG_WARN_COMMA = YES;
				CLANG_WARN_CONSTANT_CONVERSION = YES;
				CLANG_WARN_DEPRECATED_OBJC_IMPLEMENTATIONS = YES;
				CLANG_WARN_DIRECT_OBJC_ISA_USAGE = YES_ERROR;
				CLANG_WARN_DOCUMENTATION_COMMENTS = YES;
				CLANG_WARN_EMPTY_BODY = YES;
				CLANG_WARN_ENUM_CONVERSION = YES;
				CLANG_WARN_INFINITE_RECURSION = YES;
				CLANG_WARN_INT_CONVERSION = YES;
				CLANG_WARN_NON_LITERAL_NULL_CONVERSION = YES;
				CLANG_WARN_OBJC_IMPLICIT_RETAIN_SELF = YES;
				CLANG_WARN_OBJC_LITERAL_CONVERSION = YES;
				CLANG_WARN_OBJC_ROOT_CLASS = YES_ERROR;
				CLANG_WARN_QUOTED_INCLUDE_IN_FRAMEWORK_HEADER = YES;
				CLANG_WARN_RANGE_LOOP_ANALYSIS = YES;
				CLANG_WARN_STRICT_PROTOTYPES = YES;
				CLANG_WARN_SUSPICIOUS_MOVE = YES;
				CLANG_WARN_UNGUARDED_AVAILABILITY = YES_AGGRESSIVE;
				CLANG_WARN_UNREACHABLE_CODE = YES;
				CLANG_WARN__DUPLICATE_METHOD_MATCH = YES;
				COPY_PHASE_STRIP = NO;
				DEBUG_INFORMATION_FORMAT = "dwarf-with-dsym";
				DEVELOPMENT_TEAM = U433W77Z44;
				ENABLE_NS_ASSERTIONS = NO;
				ENABLE_STRICT_OBJC_MSGSEND = YES;
				GCC_C_LANGUAGE_STANDARD = gnu11;
				GCC_NO_COMMON_BLOCKS = YES;
				GCC_WARN_64_TO_32_BIT_CONVERSION = YES;
				GCC_WARN_ABOUT_RETURN_TYPE = YES_ERROR;
				GCC_WARN_UNDECLARED_SELECTOR = YES;
				GCC_WARN_UNINITIALIZED_AUTOS = YES_AGGRESSIVE;
				GCC_WARN_UNUSED_FUNCTION = YES;
				GCC_WARN_UNUSED_VARIABLE = YES;
				IPHONEOS_DEPLOYMENT_TARGET = 17.0;
				MTL_ENABLE_DEBUG_INFO = NO;
				MTL_FAST_MATH = YES;
				PRODUCT_NAME = "$(TARGET_NAME)";
				SDKROOT = iphoneos;
				SWIFT_COMPILATION_MODE = wholemodule;
				SWIFT_OPTIMIZATION_LEVEL = "-O";
				SWIFT_VERSION = 5.9;
			};
			name = Release;
		};
		945BD8664149D88AF7F91A2F /* Debug */ = {
			isa = XCBuildConfiguration;
			buildSettings = {
				ASSETCATALOG_COMPILER_APPICON_NAME = AppIcon;
				CODE_SIGN_ENTITLEMENTS = BPLogger/BPLogger.entitlements;
				CODE_SIGN_IDENTITY = "iPhone Developer";
				CODE_SIGN_STYLE = Automatic;
				CURRENT_PROJECT_VERSION = 1;
				DEVELOPMENT_TEAM = U433W77Z44;
				INFOPLIST_FILE = BPLogger/Info.plist;
				LD_RUNPATH_SEARCH_PATHS = (
					"$(inherited)",
					"@executable_path/Frameworks",
				);
				MARKETING_VERSION = 1.0.0;
				PRODUCT_BUNDLE_IDENTIFIER = com.abhaysingh.bplogger;
				SDKROOT = iphoneos;
				SUPPORTS_XR_DESIGNED_FOR = NO;
				TARGETED_DEVICE_FAMILY = 1;
			};
			name = Debug;
		};
		B6412BF0635A22B817A075D2 /* Debug */ = {
			isa = XCBuildConfiguration;
			buildSettings = {
				ALWAYS_SEARCH_USER_PATHS = NO;
				CLANG_ANALYZER_NONNULL = YES;
				CLANG_ANALYZER_NUMBER_OBJECT_CONVERSION = YES_AGGRESSIVE;
				CLANG_CXX_LANGUAGE_STANDARD = "gnu++14";
				CLANG_CXX_LIBRARY = "libc++";
				CLANG_ENABLE_MODULES = YES;
				CLANG_ENABLE_OBJC_ARC = YES;
				CLANG_ENABLE_OBJC_WEAK = YES;
				CLANG_WARN_BLOCK_CAPTURE_AUTORELEASING = YES;
				CLANG_WARN_BOOL_CONVERSION = YES;
				CLANG_WARN_COMMA = YES;
				CLANG_WARN_CONSTANT_CONVERSION = YES;
				CLANG_WARN_DEPRECATED_OBJC_IMPLEMENTATIONS = YES;
				CLANG_WARN_DIRECT_OBJC_ISA_USAGE = YES_ERROR;
				CLANG_WARN_DOCUMENTATION_COMMENTS = YES;
				CLANG_WARN_EMPTY_BODY = YES;
				CLANG_WARN_ENUM_CONVERSION = YES;
				CLANG_WARN_INFINITE_RECURSION = YES;
				CLANG_WARN_INT_CONVERSION = YES;
				CLANG_WARN_NON_LITERAL_NULL_CONVERSION = YES;
				CLANG_WARN_OBJC_IMPLICIT_RETAIN_SELF = YES;
				CLANG_WARN_OBJC_LITERAL_CONVERSION = YES;
				CLANG_WARN_OBJC_ROOT_CLASS = YES_ERROR;
				CLANG_WARN_QUOTED_INCLUDE_IN_FRAMEWORK_HEADER = YES;
				CLANG_WARN_RANGE_LOOP_ANALYSIS = YES;
				CLANG_WARN_STRICT_PROTOTYPES = YES;
				CLANG_WARN_SUSPICIOUS_MOVE = YES;
				CLANG_WARN_UNGUARDED_AVAILABILITY = YES_AGGRESSIVE;
				CLANG_WARN_UNREACHABLE_CODE = YES;
				CLANG_WARN__DUPLICATE_METHOD_MATCH = YES;
				COPY_PHASE_STRIP = NO;
				DEBUG_INFORMATION_FORMAT = dwarf;
				DEVELOPMENT_TEAM = U433W77Z44;
				ENABLE_STRICT_OBJC_MSGSEND = YES;
				ENABLE_TESTABILITY = YES;
				GCC_C_LANGUAGE_STANDARD = gnu11;
				GCC_DYNAMIC_NO_PIC = NO;
				GCC_NO_COMMON_BLOCKS = YES;
				GCC_OPTIMIZATION_LEVEL = 0;
				GCC_PREPROCESSOR_DEFINITIONS = (
					"$(inherited)",
					"DEBUG=1",
				);
				GCC_WARN_64_TO_32_BIT_CONVERSION = YES;
				GCC_WARN_ABOUT_RETURN_TYPE = YES_ERROR;
				GCC_WARN_UNDECLARED_SELECTOR = YES;
				GCC_WARN_UNINITIALIZED_AUTOS = YES_AGGRESSIVE;
				GCC_WARN_UNUSED_FUNCTION = YES;
				GCC_WARN_UNUSED_VARIABLE = YES;
				IPHONEOS_DEPLOYMENT_TARGET = 17.0;
				MTL_ENABLE_DEBUG_INFO = INCLUDE_SOURCE;
				MTL_FAST_MATH = YES;
				ONLY_ACTIVE_ARCH = YES;
				PRODUCT_NAME = "$(TARGET_NAME)";
				SDKROOT = iphoneos;
				SWIFT_ACTIVE_COMPILATION_CONDITIONS = DEBUG;
				SWIFT_OPTIMIZATION_LEVEL = "-Onone";
				SWIFT_VERSION = 5.9;
			};
			name = Debug;
		};
/* End XCBuildConfiguration section */

/* Begin XCConfigurationList section */
		6C84FAF69DC7C1BAE170FEBB /* Build configuration list for PBXNativeTarget "BPLogger" */ = {
			isa = XCConfigurationList;
			buildConfigurations = (
				945BD8664149D88AF7F91A2F /* Debug */,
				398D223EDBF0569032EA37C9 /* Release */,
			);
			defaultConfigurationIsVisible = 0;
			defaultConfigurationName = Debug;
		};
		E08401CE4EC5FB44EA8A58E1 /* Build configuration list for PBXProject "BPLogger" */ = {
			isa = XCConfigurationList;
			buildConfigurations = (
				B6412BF0635A22B817A075D2 /* Debug */,
				7CAE75D35FF1A9307D8323AF /* Release */,
			);
			defaultConfigurationIsVisible = 0;
			defaultConfigurationName = Debug;
		};
/* End XCConfigurationList section */
	};
	rootObject = 3457DAA7AACA97D64D27391F /* Project object */;
}
