// !$*UTF8*$!
{
	archiveVersion = 1;
	classes = {
	};
	objectVersion = 77;
	objects = {

/* Begin PBXBuildFile section */
		03C35BCA958241FB4E781D71 /* DataBrowserView.swift in Sources */ = {isa = PBXBuildFile; fileRef = BF1D75A09F0A87A6408277F5 /* DataBrowserView.swift */; };
		06EB5EBAB5D261588F326B72 /* HealthDataStore.swift in Sources */ = {isa = PBXBuildFile; fileRef = D15A655D971A10106FBF8BF0 /* HealthDataStore.swift */; };
		0908A9182AA369286E2E5EE3 /* MetricDetailView.swift in Sources */ = {isa = PBXBuildFile; fileRef = 834965396D201C3E179743FF /* MetricDetailView.swift */; };
		0CE4C94A1012847E3A193563 /* ReportBuilderView.swift in Sources */ = {isa = PBXBuildFile; fileRef = FB4EA79AF80976610FF840DA /* ReportBuilderView.swift */; };
		1547902D11DAA67D53DAF6D0 /* ChartsContainerView.swift in Sources */ = {isa = PBXBuildFile; fileRef = EE10DED4D3F722478682728E /* ChartsContainerView.swift */; };
		1CB8BB91062AC1E861FDCBB8 /* PDFGeneratorTests.swift in Sources */ = {isa = PBXBuildFile; fileRef = BAD8193E56D8F78A50C57910 /* PDFGeneratorTests.swift */; };
		2194F761ABB57226F02675F6 /* HealthRecord.swift in Sources */ = {isa = PBXBuildFile; fileRef = 1F80709BE351CFDDA1EAF81F /* HealthRecord.swift */; };
		24231111510480D9FDAFFE9A /* ReportStyle.swift in Sources */ = {isa = PBXBuildFile; fileRef = 7BB5FEA41354107DD3BBB5C7 /* ReportStyle.swift */; };
		271EE014343971428495F9E3 /* DashboardView.swift in Sources */ = {isa = PBXBuildFile; fileRef = D254597A1D00CFE14A756072 /* DashboardView.swift */; };
		341007D443E41892C5CC2353 /* MetricCardView.swift in Sources */ = {isa = PBXBuildFile; fileRef = 4290942F5A43D2311BFF2E4D /* MetricCardView.swift */; };
		3C86E380033CE981B8B20D73 /* RecordDetailView.swift in Sources */ = {isa = PBXBuildFile; fileRef = 47101C8081A81656D8835021 /* RecordDetailView.swift */; };
		471C94691A2A6698212C198B /* HealthRecordTests.swift in Sources */ = {isa = PBXBuildFile; fileRef = 3BFE444C2108586E85ED23A4 /* HealthRecordTests.swift */; };
		5D531C3315795C6166AB217F /* MigrationManager.swift in Sources */ = {isa = PBXBuildFile; fileRef = 8ED604E86EF848604F58E685 /* MigrationManager.swift */; };
		90180D35FE12EE22C91729C6 /* MetricRegistryTests.swift in Sources */ = {isa = PBXBuildFile; fileRef = F9006C3EEFF62E76A23EC7B8 /* MetricRegistryTests.swift */; };
		A44A312E03B457E4A4CF1BB8 /* PrivacyInfo.xcprivacy in Resources */ = {isa = PBXBuildFile; fileRef = 9A96CCCF06C81237A2D5D4AC /* PrivacyInfo.xcprivacy */; };
		A95674B150068D95CDCCD5FD /* HealthKitCatalog.swift in Sources */ = {isa = PBXBuildFile; fileRef = 8952EDC13AAC128CA6B53C1C /* HealthKitCatalog.swift */; };
		A9DDAAE0AE092A59BA23CFF8 /* HealthSyncManager.swift in Sources */ = {isa = PBXBuildFile; fileRef = 34FB05D9F7B4BD70C8C006F6 /* HealthSyncManager.swift */; };
		BCDB9900EF62C688AAFFFA58 /* ContentView.swift in Sources */ = {isa = PBXBuildFile; fileRef = 7E036B94DAA3135E804DC5DE /* ContentView.swift */; };
		C470EDE9B8EC17B39E831E3B /* AddRecordPickerSheet.swift in Sources */ = {isa = PBXBuildFile; fileRef = 0B503E8B5C8893448B69F610 /* AddRecordPickerSheet.swift */; };
		DB184DEE589E9D46F59D6E67 /* MetricRegistry.swift in Sources */ = {isa = PBXBuildFile; fileRef = F5411513A2D423DA4926639D /* MetricRegistry.swift */; };
		E70C35CB1B49C6CE44E32D9B /* AddHealthRecordView.swift in Sources */ = {isa = PBXBuildFile; fileRef = 73EC3B9E77B1D0282D9EEEE3 /* AddHealthRecordView.swift */; };
		E8785AF9CC9886D12AC7952F /* EditHealthRecordView.swift in Sources */ = {isa = PBXBuildFile; fileRef = 065B81C140D21988C019555C /* EditHealthRecordView.swift */; };
		E8D8FBD17CBCF508BABD8F48 /* DismissedHealthKitRecord.swift in Sources */ = {isa = PBXBuildFile; fileRef = C247496D328936868E149381 /* DismissedHealthKitRecord.swift */; };
		EACE2D5389960B542E7B10F1 /* PDFGenerator.swift in Sources */ = {isa = PBXBuildFile; fileRef = D43335F0F57BCE502C357DE7 /* PDFGenerator.swift */; };
		EF12A072875AB3B4775B4C1B /* UserProfileTests.swift in Sources */ = {isa = PBXBuildFile; fileRef = 58D54CEDEF341C65335C84BC /* UserProfileTests.swift */; };
		EF7F4BFF76F167CE800484B6 /* NeoHealthExportApp.swift in Sources */ = {isa = PBXBuildFile; fileRef = 28D89BAF4CDEA56A3FA1B630 /* NeoHealthExportApp.swift */; };
		F72109E2DBC5E32200007203 /* SyncState.swift in Sources */ = {isa = PBXBuildFile; fileRef = 545E0EE5A12EAA0AAB084149 /* SyncState.swift */; };
		F8FE9A63BCA472B926D0A434 /* Assets.xcassets in Resources */ = {isa = PBXBuildFile; fileRef = 3244A8C372C8C392DCAFA68D /* Assets.xcassets */; };
		FA779B825BBD1B3666039AB0 /* UserProfile.swift in Sources */ = {isa = PBXBuildFile; fileRef = 9F41BC8E636319451B74383C /* UserProfile.swift */; };
/* End PBXBuildFile section */

/* Begin PBXContainerItemProxy section */
		14026EBFCDDE0D8AABFA63D3 /* PBXContainerItemProxy */ = {
			isa = PBXContainerItemProxy;
			containerPortal = FFE33DBBAC4F641384C185C1 /* Project object */;
			proxyType = 1;
			remoteGlobalIDString = CCA3E7558AC149C4DFBBF2ED;
			remoteInfo = NeoHealthExport;
		};
/* End PBXContainerItemProxy section */

/* Begin PBXFileReference section */
		065B81C140D21988C019555C /* EditHealthRecordView.swift */ = {isa = PBXFileReference; lastKnownFileType = sourcecode.swift; path = EditHealthRecordView.swift; sourceTree = "<group>"; };
		0B503E8B5C8893448B69F610 /* AddRecordPickerSheet.swift */ = {isa = PBXFileReference; lastKnownFileType = sourcecode.swift; path = AddRecordPickerSheet.swift; sourceTree = "<group>"; };
		1F80709BE351CFDDA1EAF81F /* HealthRecord.swift */ = {isa = PBXFileReference; lastKnownFileType = sourcecode.swift; path = HealthRecord.swift; sourceTree = "<group>"; };
		28D89BAF4CDEA56A3FA1B630 /* NeoHealthExportApp.swift */ = {isa = PBXFileReference; lastKnownFileType = sourcecode.swift; path = NeoHealthExportApp.swift; sourceTree = "<group>"; };
		3244A8C372C8C392DCAFA68D /* Assets.xcassets */ = {isa = PBXFileReference; lastKnownFileType = folder.assetcatalog; path = Assets.xcassets; sourceTree = "<group>"; };
		34FB05D9F7B4BD70C8C006F6 /* HealthSyncManager.swift */ = {isa = PBXFileReference; lastKnownFileType = sourcecode.swift; path = HealthSyncManager.swift; sourceTree = "<group>"; };
		3BFE444C2108586E85ED23A4 /* HealthRecordTests.swift */ = {isa = PBXFileReference; lastKnownFileType = sourcecode.swift; path = HealthRecordTests.swift; sourceTree = "<group>"; };
		4290942F5A43D2311BFF2E4D /* MetricCardView.swift */ = {isa = PBXFileReference; lastKnownFileType = sourcecode.swift; path = MetricCardView.swift; sourceTree = "<group>"; };
		47101C8081A81656D8835021 /* RecordDetailView.swift */ = {isa = PBXFileReference; lastKnownFileType = sourcecode.swift; path = RecordDetailView.swift; sourceTree = "<group>"; };
		545E0EE5A12EAA0AAB084149 /* SyncState.swift */ = {isa = PBXFileReference; lastKnownFileType = sourcecode.swift; path = SyncState.swift; sourceTree = "<group>"; };
		58D54CEDEF341C65335C84BC /* UserProfileTests.swift */ = {isa = PBXFileReference; lastKnownFileType = sourcecode.swift; path = UserProfileTests.swift; sourceTree = "<group>"; };
		73EC3B9E77B1D0282D9EEEE3 /* AddHealthRecordView.swift */ = {isa = PBXFileReference; lastKnownFileType = sourcecode.swift; path = AddHealthRecordView.swift; sourceTree = "<group>"; };
		7BB5FEA41354107DD3BBB5C7 /* ReportStyle.swift */ = {isa = PBXFileReference; lastKnownFileType = sourcecode.swift; path = ReportStyle.swift; sourceTree = "<group>"; };
		7BF9F4C4D85077E34FE6E242 /* NeoHealthExport.app */ = {isa = PBXFileReference; includeInIndex = 0; lastKnownFileType = wrapper.application; path = NeoHealthExport.app; sourceTree = BUILT_PRODUCTS_DIR; };
		7E036B94DAA3135E804DC5DE /* ContentView.swift */ = {isa = PBXFileReference; lastKnownFileType = sourcecode.swift; path = ContentView.swift; sourceTree = "<group>"; };
		834965396D201C3E179743FF /* MetricDetailView.swift */ = {isa = PBXFileReference; lastKnownFileType = sourcecode.swift; path = MetricDetailView.swift; sourceTree = "<group>"; };
		8952EDC13AAC128CA6B53C1C /* HealthKitCatalog.swift */ = {isa = PBXFileReference; lastKnownFileType = sourcecode.swift; path = HealthKitCatalog.swift; sourceTree = "<group>"; };
		8ED604E86EF848604F58E685 /* MigrationManager.swift */ = {isa = PBXFileReference; lastKnownFileType = sourcecode.swift; path = MigrationManager.swift; sourceTree = "<group>"; };
		9A96CCCF06C81237A2D5D4AC /* PrivacyInfo.xcprivacy */ = {isa = PBXFileReference; path = PrivacyInfo.xcprivacy; sourceTree = "<group>"; };
		9F41BC8E636319451B74383C /* UserProfile.swift */ = {isa = PBXFileReference; lastKnownFileType = sourcecode.swift; path = UserProfile.swift; sourceTree = "<group>"; };
		A6403B2E181825E688D69D58 /* Info.plist */ = {isa = PBXFileReference; lastKnownFileType = text.plist; path = Info.plist; sourceTree = "<group>"; };
		B48E4AA12D1E6A15C145B8B7 /* NeoHealthExportTests.xctest */ = {isa = PBXFileReference; includeInIndex = 0; lastKnownFileType = wrapper.cfbundle; path = NeoHealthExportTests.xctest; sourceTree = BUILT_PRODUCTS_DIR; };
		BAD8193E56D8F78A50C57910 /* PDFGeneratorTests.swift */ = {isa = PBXFileReference; lastKnownFileType = sourcecode.swift; path = PDFGeneratorTests.swift; sourceTree = "<group>"; };
		BF1D75A09F0A87A6408277F5 /* DataBrowserView.swift */ = {isa = PBXFileReference; lastKnownFileType = sourcecode.swift; path = DataBrowserView.swift; sourceTree = "<group>"; };
		C247496D328936868E149381 /* DismissedHealthKitRecord.swift */ = {isa = PBXFileReference; lastKnownFileType = sourcecode.swift; path = DismissedHealthKitRecord.swift; sourceTree = "<group>"; };
		D15A655D971A10106FBF8BF0 /* HealthDataStore.swift */ = {isa = PBXFileReference; lastKnownFileType = sourcecode.swift; path = HealthDataStore.swift; sourceTree = "<group>"; };
		D254597A1D00CFE14A756072 /* DashboardView.swift */ = {isa = PBXFileReference; lastKnownFileType = sourcecode.swift; path = DashboardView.swift; sourceTree = "<group>"; };
		D43335F0F57BCE502C357DE7 /* PDFGenerator.swift */ = {isa = PBXFileReference; lastKnownFileType = sourcecode.swift; path = PDFGenerator.swift; sourceTree = "<group>"; };
		EE10DED4D3F722478682728E /* ChartsContainerView.swift */ = {isa = PBXFileReference; lastKnownFileType = sourcecode.swift; path = ChartsContainerView.swift; sourceTree = "<group>"; };
		F22EA529A303152FDF93BE9C /* NeoHealthExport.entitlements */ = {isa = PBXFileReference; lastKnownFileType = text.plist.entitlements; path = NeoHealthExport.entitlements; sourceTree = "<group>"; };
		F5411513A2D423DA4926639D /* MetricRegistry.swift */ = {isa = PBXFileReference; lastKnownFileType = sourcecode.swift; path = MetricRegistry.swift; sourceTree = "<group>"; };
		F9006C3EEFF62E76A23EC7B8 /* MetricRegistryTests.swift */ = {isa = PBXFileReference; lastKnownFileType = sourcecode.swift; path = MetricRegistryTests.swift; sourceTree = "<group>"; };
		FB4EA79AF80976610FF840DA /* ReportBuilderView.swift */ = {isa = PBXFileReference; lastKnownFileType = sourcecode.swift; path = ReportBuilderView.swift; sourceTree = "<group>"; };
/* End PBXFileReference section */

/* Begin PBXGroup section */
		2590A6F77D3E13C47737341E = {
			isa = PBXGroup;
			children = (
				66745D5290E1FBE7092E1D40 /* NeoHealthExport */,
				AA1975E3180390D9A5FA2321 /* NeoHealthExportTests */,
				50404E91F7A27A63DF4D3C5E /* Products */,
			);
			sourceTree = "<group>";
		};
		2E5331C90AF14205D8E03A43 /* Helpers */ = {
			isa = PBXGroup;
			children = (
				D15A655D971A10106FBF8BF0 /* HealthDataStore.swift */,
				34FB05D9F7B4BD70C8C006F6 /* HealthSyncManager.swift */,
				8ED604E86EF848604F58E685 /* MigrationManager.swift */,
				D43335F0F57BCE502C357DE7 /* PDFGenerator.swift */,
			);
			path = Helpers;
			sourceTree = "<group>";
		};
		49387B04FC7F477657F6CB6F /* Views */ = {
			isa = PBXGroup;
			children = (
				73EC3B9E77B1D0282D9EEEE3 /* AddHealthRecordView.swift */,
				0B503E8B5C8893448B69F610 /* AddRecordPickerSheet.swift */,
				EE10DED4D3F722478682728E /* ChartsContainerView.swift */,
				7E036B94DAA3135E804DC5DE /* ContentView.swift */,
				D254597A1D00CFE14A756072 /* DashboardView.swift */,
				BF1D75A09F0A87A6408277F5 /* DataBrowserView.swift */,
				065B81C140D21988C019555C /* EditHealthRecordView.swift */,
				4290942F5A43D2311BFF2E4D /* MetricCardView.swift */,
				834965396D201C3E179743FF /* MetricDetailView.swift */,
				47101C8081A81656D8835021 /* RecordDetailView.swift */,
				FB4EA79AF80976610FF840DA /* ReportBuilderView.swift */,
			);
			path = Views;
			sourceTree = "<group>";
		};
		50404E91F7A27A63DF4D3C5E /* Products */ = {
			isa = PBXGroup;
			children = (
				7BF9F4C4D85077E34FE6E242 /* NeoHealthExport.app */,
				B48E4AA12D1E6A15C145B8B7 /* NeoHealthExportTests.xctest */,
			);
			name = Products;
			sourceTree = "<group>";
		};
		66745D5290E1FBE7092E1D40 /* NeoHealthExport */ = {
			isa = PBXGroup;
			children = (
				A6403B2E181825E688D69D58 /* Info.plist */,
				F22EA529A303152FDF93BE9C /* NeoHealthExport.entitlements */,
				A96B40A7476B1AE3B1665789 /* App */,
				2E5331C90AF14205D8E03A43 /* Helpers */,
				F520FF754325248AE35A87D1 /* Models */,
				75EC95E0C01C1773B7A8120C /* Resources */,
				49387B04FC7F477657F6CB6F /* Views */,
			);
			path = NeoHealthExport;
			sourceTree = "<group>";
		};
		75EC95E0C01C1773B7A8120C /* Resources */ = {
			isa = PBXGroup;
			children = (
				3244A8C372C8C392DCAFA68D /* Assets.xcassets */,
				9A96CCCF06C81237A2D5D4AC /* PrivacyInfo.xcprivacy */,
			);
			path = Resources;
			sourceTree = "<group>";
		};
		A96B40A7476B1AE3B1665789 /* App */ = {
			isa = PBXGroup;
			children = (
				28D89BAF4CDEA56A3FA1B630 /* NeoHealthExportApp.swift */,
			);
			path = App;
			sourceTree = "<group>";
		};
		AA1975E3180390D9A5FA2321 /* NeoHealthExportTests */ = {
			isa = PBXGroup;
			children = (
				3BFE444C2108586E85ED23A4 /* HealthRecordTests.swift */,
				F9006C3EEFF62E76A23EC7B8 /* MetricRegistryTests.swift */,
				BAD8193E56D8F78A50C57910 /* PDFGeneratorTests.swift */,
				58D54CEDEF341C65335C84BC /* UserProfileTests.swift */,
			);
			path = NeoHealthExportTests;
			sourceTree = "<group>";
		};
		F520FF754325248AE35A87D1 /* Models */ = {
			isa = PBXGroup;
			children = (
				C247496D328936868E149381 /* DismissedHealthKitRecord.swift */,
				8952EDC13AAC128CA6B53C1C /* HealthKitCatalog.swift */,
				1F80709BE351CFDDA1EAF81F /* HealthRecord.swift */,
				F5411513A2D423DA4926639D /* MetricRegistry.swift */,
				7BB5FEA41354107DD3BBB5C7 /* ReportStyle.swift */,
				545E0EE5A12EAA0AAB084149 /* SyncState.swift */,
				9F41BC8E636319451B74383C /* UserProfile.swift */,
			);
			path = Models;
			sourceTree = "<group>";
		};
/* End PBXGroup section */

/* Begin PBXNativeTarget section */
		CCA3E7558AC149C4DFBBF2ED /* NeoHealthExport */ = {
			isa = PBXNativeTarget;
			buildConfigurationList = 1BF4C768996559E0E66D77ED /* Build configuration list for PBXNativeTarget "NeoHealthExport" */;
			buildPhases = (
				16B096967BC2B9F185EBF876 /* Sources */,
				472061345CFA819A3E04431F /* Resources */,
			);
			buildRules = (
			);
			dependencies = (
			);
			name = NeoHealthExport;
			packageProductDependencies = (
			);
			productName = NeoHealthExport;
			productReference = 7BF9F4C4D85077E34FE6E242 /* NeoHealthExport.app */;
			productType = "com.apple.product-type.application";
		};
		F8EC7A57ECE29E0C0BD79940 /* NeoHealthExportTests */ = {
			isa = PBXNativeTarget;
			buildConfigurationList = D4C88F98D73663CB0A8C7E44 /* Build configuration list for PBXNativeTarget "NeoHealthExportTests" */;
			buildPhases = (
				713DF575E96873A424F1AFEB /* Sources */,
			);
			buildRules = (
			);
			dependencies = (
				A4D01A8DC7B9FA9FD04C4370 /* PBXTargetDependency */,
			);
			name = NeoHealthExportTests;
			packageProductDependencies = (
			);
			productName = NeoHealthExportTests;
			productReference = B48E4AA12D1E6A15C145B8B7 /* NeoHealthExportTests.xctest */;
			productType = "com.apple.product-type.bundle.unit-test";
		};
/* End PBXNativeTarget section */

/* Begin PBXProject section */
		FFE33DBBAC4F641384C185C1 /* Project object */ = {
			isa = PBXProject;
			attributes = {
				BuildIndependentTargetsInParallel = YES;
				LastUpgradeCheck = 1600;
				TargetAttributes = {
					CCA3E7558AC149C4DFBBF2ED = {
						DevelopmentTeam = U433W77Z44;
						ProvisioningStyle = Automatic;
					};
					F8EC7A57ECE29E0C0BD79940 = {
						DevelopmentTeam = U433W77Z44;
					};
				};
			};
			buildConfigurationList = B7719BF8D27CC8EDA84CCAEE /* Build configuration list for PBXProject "NeoHealthExport" */;
			developmentRegion = en;
			hasScannedForEncodings = 0;
			knownRegions = (
				Base,
				en,
			);
			mainGroup = 2590A6F77D3E13C47737341E;
			minimizedProjectReferenceProxies = 1;
			preferredProjectObjectVersion = 77;
			productRefGroup = 50404E91F7A27A63DF4D3C5E /* Products */;
			projectDirPath = "";
			projectRoot = "";
			targets = (
				CCA3E7558AC149C4DFBBF2ED /* NeoHealthExport */,
				F8EC7A57ECE29E0C0BD79940 /* NeoHealthExportTests */,
			);
		};
/* End PBXProject section */

/* Begin PBXResourcesBuildPhase section */
		472061345CFA819A3E04431F /* Resources */ = {
			isa = PBXResourcesBuildPhase;
			buildActionMask = 2147483647;
			files = (
				F8FE9A63BCA472B926D0A434 /* Assets.xcassets in Resources */,
				A44A312E03B457E4A4CF1BB8 /* PrivacyInfo.xcprivacy in Resources */,
			);
			runOnlyForDeploymentPostprocessing = 0;
		};
/* End PBXResourcesBuildPhase section */

/* Begin PBXSourcesBuildPhase section */
		16B096967BC2B9F185EBF876 /* Sources */ = {
			isa = PBXSourcesBuildPhase;
			buildActionMask = 2147483647;
			files = (
				E70C35CB1B49C6CE44E32D9B /* AddHealthRecordView.swift in Sources */,
				C470EDE9B8EC17B39E831E3B /* AddRecordPickerSheet.swift in Sources */,
				1547902D11DAA67D53DAF6D0 /* ChartsContainerView.swift in Sources */,
				BCDB9900EF62C688AAFFFA58 /* ContentView.swift in Sources */,
				271EE014343971428495F9E3 /* DashboardView.swift in Sources */,
				03C35BCA958241FB4E781D71 /* DataBrowserView.swift in Sources */,
				E8D8FBD17CBCF508BABD8F48 /* DismissedHealthKitRecord.swift in Sources */,
				E8785AF9CC9886D12AC7952F /* EditHealthRecordView.swift in Sources */,
				06EB5EBAB5D261588F326B72 /* HealthDataStore.swift in Sources */,
				A95674B150068D95CDCCD5FD /* HealthKitCatalog.swift in Sources */,
				2194F761ABB57226F02675F6 /* HealthRecord.swift in Sources */,
				A9DDAAE0AE092A59BA23CFF8 /* HealthSyncManager.swift in Sources */,
				341007D443E41892C5CC2353 /* MetricCardView.swift in Sources */,
				0908A9182AA369286E2E5EE3 /* MetricDetailView.swift in Sources */,
				DB184DEE589E9D46F59D6E67 /* MetricRegistry.swift in Sources */,
				5D531C3315795C6166AB217F /* MigrationManager.swift in Sources */,
				EF7F4BFF76F167CE800484B6 /* NeoHealthExportApp.swift in Sources */,
				EACE2D5389960B542E7B10F1 /* PDFGenerator.swift in Sources */,
				3C86E380033CE981B8B20D73 /* RecordDetailView.swift in Sources */,
				0CE4C94A1012847E3A193563 /* ReportBuilderView.swift in Sources */,
				24231111510480D9FDAFFE9A /* ReportStyle.swift in Sources */,
				F72109E2DBC5E32200007203 /* SyncState.swift in Sources */,
				FA779B825BBD1B3666039AB0 /* UserProfile.swift in Sources */,
			);
			runOnlyForDeploymentPostprocessing = 0;
		};
		713DF575E96873A424F1AFEB /* Sources */ = {
			isa = PBXSourcesBuildPhase;
			buildActionMask = 2147483647;
			files = (
				471C94691A2A6698212C198B /* HealthRecordTests.swift in Sources */,
				90180D35FE12EE22C91729C6 /* MetricRegistryTests.swift in Sources */,
				1CB8BB91062AC1E861FDCBB8 /* PDFGeneratorTests.swift in Sources */,
				EF12A072875AB3B4775B4C1B /* UserProfileTests.swift in Sources */,
			);
			runOnlyForDeploymentPostprocessing = 0;
		};
/* End PBXSourcesBuildPhase section */

/* Begin PBXTargetDependency section */
		A4D01A8DC7B9FA9FD04C4370 /* PBXTargetDependency */ = {
			isa = PBXTargetDependency;
			target = CCA3E7558AC149C4DFBBF2ED /* NeoHealthExport */;
			targetProxy = 14026EBFCDDE0D8AABFA63D3 /* PBXContainerItemProxy */;
		};
/* End PBXTargetDependency section */

/* Begin XCBuildConfiguration section */
		0C6AF93C89FDC0FA586A57C6 /* Debug */ = {
			isa = XCBuildConfiguration;
			buildSettings = {
				ASSETCATALOG_COMPILER_APPICON_NAME = AppIcon;
				CODE_SIGN_ENTITLEMENTS = NeoHealthExport/NeoHealthExport.entitlements;
				CODE_SIGN_IDENTITY = "iPhone Developer";
				CODE_SIGN_STYLE = Automatic;
				CURRENT_PROJECT_VERSION = 1;
				DEVELOPMENT_TEAM = U433W77Z44;
				INFOPLIST_FILE = NeoHealthExport/Info.plist;
				LD_RUNPATH_SEARCH_PATHS = (
					"$(inherited)",
					"@executable_path/Frameworks",
				);
				MARKETING_VERSION = 1.0.0;
				PRODUCT_BUNDLE_IDENTIFIER = com.abhaysingh.neohealthexport;
				SDKROOT = iphoneos;
				SUPPORTS_XR_DESIGNED_FOR = NO;
				TARGETED_DEVICE_FAMILY = 1;
			};
			name = Debug;
		};
		2351C23C4405B0F80F798BC5 /* Debug */ = {
			isa = XCBuildConfiguration;
			buildSettings = {
				BUNDLE_LOADER = "$(TEST_HOST)";
				GENERATE_INFOPLIST_FILE = YES;
				LD_RUNPATH_SEARCH_PATHS = (
					"$(inherited)",
					"@executable_path/Frameworks",
					"@loader_path/Frameworks",
				);
				PRODUCT_BUNDLE_IDENTIFIER = com.neohealthexport.NeoHealthExportTests;
				SDKROOT = iphoneos;
				TARGETED_DEVICE_FAMILY = "1,2";
				TEST_HOST = "$(BUILT_PRODUCTS_DIR)/NeoHealthExport.app/NeoHealthExport";
			};
			name = Debug;
		};
		35F099D46C6B25F69484836E /* Release */ = {
			isa = XCBuildConfiguration;
			buildSettings = {
				BUNDLE_LOADER = "$(TEST_HOST)";
				GENERATE_INFOPLIST_FILE = YES;
				LD_RUNPATH_SEARCH_PATHS = (
					"$(inherited)",
					"@executable_path/Frameworks",
					"@loader_path/Frameworks",
				);
				PRODUCT_BUNDLE_IDENTIFIER = com.neohealthexport.NeoHealthExportTests;
				SDKROOT = iphoneos;
				TARGETED_DEVICE_FAMILY = "1,2";
				TEST_HOST = "$(BUILT_PRODUCTS_DIR)/NeoHealthExport.app/NeoHealthExport";
			};
			name = Release;
		};
		4C24D5D15F7EE70361B076CF /* Release */ = {
			isa = XCBuildConfiguration;
			buildSettings = {
				ASSETCATALOG_COMPILER_APPICON_NAME = AppIcon;
				CODE_SIGN_ENTITLEMENTS = NeoHealthExport/NeoHealthExport.entitlements;
				CODE_SIGN_IDENTITY = "iPhone Developer";
				CODE_SIGN_STYLE = Automatic;
				CURRENT_PROJECT_VERSION = 1;
				DEVELOPMENT_TEAM = U433W77Z44;
				INFOPLIST_FILE = NeoHealthExport/Info.plist;
				LD_RUNPATH_SEARCH_PATHS = (
					"$(inherited)",
					"@executable_path/Frameworks",
				);
				MARKETING_VERSION = 1.0.0;
				PRODUCT_BUNDLE_IDENTIFIER = com.abhaysingh.neohealthexport;
				SDKROOT = iphoneos;
				SUPPORTS_XR_DESIGNED_FOR = NO;
				TARGETED_DEVICE_FAMILY = 1;
			};
			name = Release;
		};
		702CBC8A4B968DF5D25B1FE0 /* Release */ = {
			isa = XCBuildConfiguration;
			buildSettings = {
				ALWAYS_SEARCH_USER_PATHS = NO;
				CLANG_ANALYZER_NONNULL = YES;
				CLANG_ANALYZER_NUMBER_OBJECT_CONVERSION = YES_AGGRESSIVE;
				CLANG_CXX_LANGUAGE_STANDARD = "gnu++14";
				CLANG_CXX_LIBRARY = "libc++";
				CLANG_ENABLE_MODULES = YES;
				CLANG_ENABLE_OBJC_ARC = YES;
				CLANG_ENABLE_OBJC_WEAK = YES;
				CLANG_WARN_BLOCK_CAPTURE_AUTORELEASING = YES;
				CLANG_WARN_BOOL_CONVERSION = YES;
				CLANG_WARN_COMMA = YES;
				CLANG_WARN_CONSTANT_CONVERSION = YES;
				CLANG_WARN_DEPRECATED_OBJC_IMPLEMENTATIONS = YES;
				CLANG_WARN_DIRECT_OBJC_ISA_USAGE = YES_ERROR;
				CLANG_WARN_DOCUMENTATION_COMMENTS = YES;
				CLANG_WARN_EMPTY_BODY = YES;
				CLANG_WARN_ENUM_CONVERSION = YES;
				CLANG_WARN_INFINITE_RECURSION = YES;
				CLANG_WARN_INT_CONVERSION = YES;
				CLANG_WARN_NON_LITERAL_NULL_CONVERSION = YES;
				CLANG_WARN_OBJC_IMPLICIT_RETAIN_SELF = YES;
				CLANG_WARN_OBJC_LITERAL_CONVERSION = YES;
				CLANG_WARN_OBJC_ROOT_CLASS = YES_ERROR;
				CLANG_WARN_QUOTED_INCLUDE_IN_FRAMEWORK_HEADER = YES;
				CLANG_WARN_RANGE_LOOP_ANALYSIS = YES;
				CLANG_WARN_STRICT_PROTOTYPES = YES;
				CLANG_WARN_SUSPICIOUS_MOVE = YES;
				CLANG_WARN_UNGUARDED_AVAILABILITY = YES_AGGRESSIVE;
				CLANG_WARN_UNREACHABLE_CODE = YES;
				CLANG_WARN__DUPLICATE_METHOD_MATCH = YES;
				COPY_PHASE_STRIP = NO;
				DEBUG_INFORMATION_FORMAT = "dwarf-with-dsym";
				DEVELOPMENT_TEAM = U433W77Z44;
				ENABLE_NS_ASSERTIONS = NO;
				ENABLE_STRICT_OBJC_MSGSEND = YES;
				GCC_C_LANGUAGE_STANDARD = gnu11;
				GCC_NO_COMMON_BLOCKS = YES;
				GCC_WARN_64_TO_32_BIT_CONVERSION = YES;
				GCC_WARN_ABOUT_RETURN_TYPE = YES_ERROR;
				GCC_WARN_UNDECLARED_SELECTOR = YES;
				GCC_WARN_UNINITIALIZED_AUTOS = YES_AGGRESSIVE;
				GCC_WARN_UNUSED_FUNCTION = YES;
				GCC_WARN_UNUSED_VARIABLE = YES;
				IPHONEOS_DEPLOYMENT_TARGET = 17.0;
				MTL_ENABLE_DEBUG_INFO = NO;
				MTL_FAST_MATH = YES;
				PRODUCT_NAME = "$(TARGET_NAME)";
				SDKROOT = iphoneos;
				SWIFT_COMPILATION_MODE = wholemodule;
				SWIFT_OPTIMIZATION_LEVEL = "-O";
				SWIFT_VERSION = 5.9;
			};
			name = Release;
		};
		AE5217D420E2AC90FD9C0703 /* Debug */ = {
			isa = XCBuildConfiguration;
			buildSettings = {
				ALWAYS_SEARCH_USER_PATHS = NO;
				CLANG_ANALYZER_NONNULL = YES;
				CLANG_ANALYZER_NUMBER_OBJECT_CONVERSION = YES_AGGRESSIVE;
				CLANG_CXX_LANGUAGE_STANDARD = "gnu++14";
				CLANG_CXX_LIBRARY = "libc++";
				CLANG_ENABLE_MODULES = YES;
				CLANG_ENABLE_OBJC_ARC = YES;
				CLANG_ENABLE_OBJC_WEAK = YES;
				CLANG_WARN_BLOCK_CAPTURE_AUTORELEASING = YES;
				CLANG_WARN_BOOL_CONVERSION = YES;
				CLANG_WARN_COMMA = YES;
				CLANG_WARN_CONSTANT_CONVERSION = YES;
				CLANG_WARN_DEPRECATED_OBJC_IMPLEMENTATIONS = YES;
				CLANG_WARN_DIRECT_OBJC_ISA_USAGE = YES_ERROR;
				CLANG_WARN_DOCUMENTATION_COMMENTS = YES;
				CLANG_WARN_EMPTY_BODY = YES;
				CLANG_WARN_ENUM_CONVERSION = YES;
				CLANG_WARN_INFINITE_RECURSION = YES;
				CLANG_WARN_INT_CONVERSION = YES;
				CLANG_WARN_NON_LITERAL_NULL_CONVERSION = YES;
				CLANG_WARN_OBJC_IMPLICIT_RETAIN_SELF = YES;
				CLANG_WARN_OBJC_LITERAL_CONVERSION = YES;
				CLANG_WARN_OBJC_ROOT_CLASS = YES_ERROR;
				CLANG_WARN_QUOTED_INCLUDE_IN_FRAMEWORK_HEADER = YES;
				CLANG_WARN_RANGE_LOOP_ANALYSIS = YES;
				CLANG_WARN_STRICT_PROTOTYPES = YES;
				CLANG_WARN_SUSPICIOUS_MOVE = YES;
				CLANG_WARN_UNGUARDED_AVAILABILITY = YES_AGGRESSIVE;
				CLANG_WARN_UNREACHABLE_CODE = YES;
				CLANG_WARN__DUPLICATE_METHOD_MATCH = YES;
				COPY_PHASE_STRIP = NO;
				DEBUG_INFORMATION_FORMAT = dwarf;
				DEVELOPMENT_TEAM = U433W77Z44;
				ENABLE_STRICT_OBJC_MSGSEND = YES;
				ENABLE_TESTABILITY = YES;
				GCC_C_LANGUAGE_STANDARD = gnu11;
				GCC_DYNAMIC_NO_PIC = NO;
				GCC_NO_COMMON_BLOCKS = YES;
				GCC_OPTIMIZATION_LEVEL = 0;
				GCC_PREPROCESSOR_DEFINITIONS = (
					"$(inherited)",
					"DEBUG=1",
				);
				GCC_WARN_64_TO_32_BIT_CONVERSION = YES;
				GCC_WARN_ABOUT_RETURN_TYPE = YES_ERROR;
				GCC_WARN_UNDECLARED_SELECTOR = YES;
				GCC_WARN_UNINITIALIZED_AUTOS = YES_AGGRESSIVE;
				GCC_WARN_UNUSED_FUNCTION = YES;
				GCC_WARN_UNUSED_VARIABLE = YES;
				IPHONEOS_DEPLOYMENT_TARGET = 17.0;
				MTL_ENABLE_DEBUG_INFO = INCLUDE_SOURCE;
				MTL_FAST_MATH = YES;
				ONLY_ACTIVE_ARCH = YES;
				PRODUCT_NAME = "$(TARGET_NAME)";
				SDKROOT = iphoneos;
				SWIFT_ACTIVE_COMPILATION_CONDITIONS = DEBUG;
				SWIFT_OPTIMIZATION_LEVEL = "-Onone";
				SWIFT_VERSION = 5.9;
			};
			name = Debug;
		};
/* End XCBuildConfiguration section */

/* Begin XCConfigurationList section */
		1BF4C768996559E0E66D77ED /* Build configuration list for PBXNativeTarget "NeoHealthExport" */ = {
			isa = XCConfigurationList;
			buildConfigurations = (
				0C6AF93C89FDC0FA586A57C6 /* Debug */,
				4C24D5D15F7EE70361B076CF /* Release */,
			);
			defaultConfigurationIsVisible = 0;
			defaultConfigurationName = Debug;
		};
		B7719BF8D27CC8EDA84CCAEE /* Build configuration list for PBXProject "NeoHealthExport" */ = {
			isa = XCConfigurationList;
			buildConfigurations = (
				AE5217D420E2AC90FD9C0703 /* Debug */,
				702CBC8A4B968DF5D25B1FE0 /* Release */,
			);
			defaultConfigurationIsVisible = 0;
			defaultConfigurationName = Debug;
		};
		D4C88F98D73663CB0A8C7E44 /* Build configuration list for PBXNativeTarget "NeoHealthExportTests" */ = {
			isa = XCConfigurationList;
			buildConfigurations = (
				2351C23C4405B0F80F798BC5 /* Debug */,
				35F099D46C6B25F69484836E /* Release */,
			);
			defaultConfigurationIsVisible = 0;
			defaultConfigurationName = Debug;
		};
/* End XCConfigurationList section */
	};
	rootObject = FFE33DBBAC4F641384C185C1 /* Project object */;
}
